{
  "version": 4,
  "terraform_version": "1.12.2",
  "serial": 183,
  "lineage": "f241ca55-554a-eb5c-6e7c-c92e790bfc15",
  "outputs": {
    "application_url": {
      "value": "https://inboxleap.com",
      "type": "string"
    },
    "aws_region": {
      "value": "us-east-1",
      "type": "string"
    },
    "dmarc_record": {
      "value": "v=DMARC1; p=quarantine; rua=mailto:dmarc@inboxleap.com; ruf=mailto:dmarc@inboxleap.com; sp=quarantine; adkim=r; aspf=r",
      "type": "string"
    },
    "ecr_backend_repository_url": {
      "value": "885071088198.dkr.ecr.us-east-1.amazonaws.com/inboxleap-us-production-backend",
      "type": "string"
    },
    "ecr_frontend_repository_url": {
      "value": "885071088198.dkr.ecr.us-east-1.amazonaws.com/inboxleap-us-production-frontend",
      "type": "string"
    },
    "ecs_backend_service_name": {
      "value": "inboxleap-us-production-backend",
      "type": "string"
    },
    "ecs_cluster_name": {
      "value": "inboxleap-us-production-cluster",
      "type": "string"
    },
    "ecs_frontend_service_name": {
      "value": "inboxleap-us-production-frontend",
      "type": "string"
    },
    "email_storage_bucket": {
      "value": "inboxleap-us-production-email-storage",
      "type": "string"
    },
    "email_storage_bucket_arn": {
      "value": "arn:aws:s3:::inboxleap-us-production-email-storage",
      "type": "string"
    },
    "lambda_webhook_processor_function_name": {
      "value": "inboxleap-us-production-email-webhook-processor",
      "type": "string"
    },
    "load_balancer_dns": {
      "value": "inboxleap-us-production-alb-1234515798.us-east-1.elb.amazonaws.com",
      "type": "string"
    },
    "load_balancer_zone_id": {
      "value": "Z35SXDOTRQ7X7K",
      "type": "string"
    },
    "mx_record": {
      "value": "10 inbound-smtp.us-east-1.amazonaws.com",
      "type": "string"
    },
    "route53_name_servers": {
      "value": [
        "ns-1219.awsdns-24.org",
        "ns-1618.awsdns-10.co.uk",
        "ns-471.awsdns-58.com",
        "ns-991.awsdns-59.net"
      ],
      "type": [
        "list",
        "string"
      ]
    },
    "ses_domain_identity": {
      "value": "inboxleap.com",
      "type": "string"
    },
    "ses_receipt_rule_set": {
      "value": "inboxleap-us-production-rule-set",
      "type": "string"
    },
    "ses_smtp_endpoint": {
      "value": "email-smtp.us-east-1.amazonaws.com",
      "type": "string"
    },
    "vpc_id": {
      "value": "vpc-00e2a7445fe2a5a4f",
      "type": "string"
    }
  },
  "resources": [
    {
      "mode": "data",
      "type": "archive_file",
      "name": "email_webhook_processor_zip",
      "provider": "provider[\"registry.terraform.io/hashicorp/archive\"]",
      "instances": [
        {
          "schema_version": 0,
          "attributes": {
            "exclude_symlink_directories": null,
            "excludes": null,
            "id": "5ad0c5326712cb248b4b2d20e9aa7b0686aaddf9",
            "output_base64sha256": "2tZZRXjkIg7E64g0Q3CgRA73m02exszBrJqj1amBxG0=",
            "output_base64sha512": "HoLgA+y72dvkkJiuzi3xlJhEZjndoQ2Af+MO8YijZls+JT0q+5ip/23rnB6g6oxmh4qjzsEICIy650oUPvHprA==",
            "output_file_mode": null,
            "output_md5": "b1ff5990f2660448bf9170cdcf14270d",
            "output_path": "email_webhook_processor.zip",
            "output_sha": "5ad0c5326712cb248b4b2d20e9aa7b0686aaddf9",
            "output_sha256": "dad6594578e4220ec4eb88344370a0440ef79b4d9ec6ccc1ac9aa3d5a981c46d",
            "output_sha512": "1e82e003ecbbd9dbe49098aece2df19498446639dda10d807fe30ef188a3665b3e253d2afb98a9ff6deb9c1ea0ea8c66878aa3cec108088cbae74a143ef1e9ac",
            "output_size": 1825,
            "source": [
              {
                "content": "import json\r\nimport os\r\nimport boto3\r\nimport urllib3\r\nfrom email.parser import Parser\r\n\r\ns3_client = boto3.client('s3')\r\nhttp = urllib3.PoolManager()\r\n\r\nBUCKET = os.environ.get('EMAIL_BUCKET')\r\nPREFIX = os.environ.get('EMAIL_PREFIX', '')\r\nDOMAIN_NAME = os.environ.get('DOMAIN_NAME')\r\nBACKEND_URL = os.environ.get('BACKEND_URL', 'https://inboxleap.com')\r\nWEBHOOK_SECRET = os.environ.get('WEBHOOK_SECRET', 'your-webhook-secret')\r\n\r\ndef parse_email_content(raw_email):\r\n    \"\"\"Parse raw email content and extract structured data\"\"\"\r\n    try:\r\n        parser = Parser()\r\n        parsed_email = parser.parsestr(raw_email)\r\n        \r\n        # Extract basic headers\r\n        subject = parsed_email.get('Subject', 'No Subject')\r\n        from_addr = parsed_email.get('From', '')\r\n        to_addrs = parsed_email.get('To', '').split(',') if parsed_email.get('To') else []\r\n        cc_addrs = parsed_email.get('Cc', '').split(',') if parsed_email.get('Cc') else []\r\n        bcc_addrs = parsed_email.get('Bcc', '').split(',') if parsed_email.get('Bcc') else []\r\n        date_header = parsed_email.get('Date', '')\r\n        \r\n        # Clean up addresses\r\n        to_addrs = [addr.strip() for addr in to_addrs if addr.strip()]\r\n        cc_addrs = [addr.strip() for addr in cc_addrs if addr.strip()]\r\n        bcc_addrs = [addr.strip() for addr in bcc_addrs if addr.strip()]\r\n        \r\n        # Extract body content\r\n        body = \"\"\r\n        if parsed_email.is_multipart():\r\n            for part in parsed_email.walk():\r\n                if part.get_content_type() == \"text/plain\":\r\n                    body = part.get_payload(decode=True).decode('utf-8', errors='replace')\r\n                    break\r\n                elif part.get_content_type() == \"text/html\" and not body:\r\n                    body = part.get_payload(decode=True).decode('utf-8', errors='replace')\r\n        else:\r\n            body = parsed_email.get_payload(decode=True).decode('utf-8', errors='replace')\r\n        \r\n        # Extract thread headers\r\n        headers = {\r\n            'in-reply-to': parsed_email.get('In-Reply-To'),\r\n            'references': parsed_email.get('References'),\r\n            'message-id': parsed_email.get('Message-ID')\r\n        }\r\n        \r\n        return {\r\n            'subject': subject,\r\n            'from': from_addr,\r\n            'to': to_addrs,\r\n            'cc': cc_addrs,\r\n            'bcc': bcc_addrs,\r\n            'body': body,\r\n            'date': date_header,\r\n            'headers': headers\r\n        }\r\n    except Exception as e:\r\n        print(f\"Error parsing email: {e}\")\r\n        return None\r\n\r\ndef send_to_backend(email_data, message_id):\r\n    \"\"\"Send parsed email data to backend webhook\"\"\"\r\n    try:\r\n        payload = {\r\n            'messageId': message_id,\r\n            'subject': email_data['subject'],\r\n            'from': email_data['from'],\r\n            'to': email_data['to'],\r\n            'cc': email_data['cc'],\r\n            'bcc': email_data['bcc'],\r\n            'body': email_data['body'],\r\n            'date': email_data['date'],\r\n            'headers': email_data['headers']\r\n        }\r\n        \r\n        webhook_url = f\"{BACKEND_URL}/api/inbound/email\"\r\n        \r\n        response = http.request(\r\n            'POST',\r\n            webhook_url,\r\n            body=json.dumps(payload).encode('utf-8'),\r\n            headers={\r\n                'Content-Type': 'application/json',\r\n                'X-Auth-Token': WEBHOOK_SECRET\r\n            },\r\n            timeout=30\r\n        )\r\n        \r\n        if response.status == 200:\r\n            print(f\"Successfully sent email to backend: {message_id}\")\r\n            return True\r\n        else:\r\n            print(f\"Backend returned status {response.status}: {response.data.decode('utf-8', errors='replace')}\")\r\n            return False\r\n            \r\n    except Exception as e:\r\n        print(f\"Error sending to backend: {e}\")\r\n        return False\r\n\r\ndef handler(event, context):\r\n    # Log the entire event for troubleshooting\r\n    print('SES event:', json.dumps(event))\r\n\r\n    # Get the message from the SES event\r\n    ses_mail = event['Records'][0]['ses']['mail']\r\n    message_id = ses_mail['messageId']\r\n\r\n    # Parse recipients to get all destinations\r\n    destinations = ses_mail.get('destination', [])\r\n\r\n    # Read stored email from S3 and send to backend webhook\r\n    try:\r\n        s3_key = f\"{PREFIX}{message_id}\"\r\n        obj = s3_client.get_object(Bucket=BUCKET, Key=s3_key)\r\n        raw_email = obj['Body'].read().decode('utf-8', errors='replace')\r\n        print(f\"Fetched email from s3://{BUCKET}/{s3_key}, size={len(raw_email)} bytes\")\r\n        \r\n        # Parse email content\r\n        email_data = parse_email_content(raw_email)\r\n        if email_data:\r\n            # Send to backend for processing\r\n            backend_success = send_to_backend(email_data, message_id)\r\n            print(f\"Backend webhook: {'Success' if backend_success else 'Failed'}\")\r\n        else:\r\n            print(\"Failed to parse email content\")\r\n            \r\n    except Exception as e:\r\n        print(f\"Failed to fetch/process email from S3: {e}\")\r\n\r\n    # Note: Auto-reply functionality removed - backend handles replies via Postmark\r\n\r\n    return {\r\n        'statusCode': 200,\r\n        'body': json.dumps({\r\n            'message': 'Email processed and sent to backend webhook',\r\n            'messageId': message_id,\r\n            'recipients': destinations,\r\n            's3Key': f\"{PREFIX}{message_id}\",\r\n        })\r\n    }\r\n",
                "filename": "index.py"
              }
            ],
            "source_content": null,
            "source_content_filename": null,
            "source_dir": null,
            "source_file": null,
            "type": "zip"
          },
          "sensitive_attributes": [],
          "identity_schema_version": 0
        }
      ]
    },
    {
      "mode": "data",
      "type": "aws_availability_zones",
      "name": "available",
      "provider": "provider[\"registry.terraform.io/hashicorp/aws\"]",
      "instances": [
        {
          "schema_version": 0,
          "attributes": {
            "all_availability_zones": null,
            "exclude_names": null,
            "exclude_zone_ids": null,
            "filter": null,
            "group_names": [
              "us-east-1-zg-1"
            ],
            "id": "us-east-1",
            "names": [
              "us-east-1a",
              "us-east-1b",
              "us-east-1c",
              "us-east-1d",
              "us-east-1e",
              "us-east-1f"
            ],
            "state": "available",
            "timeouts": null,
            "zone_ids": [
              "use1-az6",
              "use1-az1",
              "use1-az2",
              "use1-az4",
              "use1-az3",
              "use1-az5"
            ]
          },
          "sensitive_attributes": [],
          "identity_schema_version": 0
        }
      ]
    },
    {
      "mode": "data",
      "type": "aws_caller_identity",
      "name": "current",
      "provider": "provider[\"registry.terraform.io/hashicorp/aws\"]",
      "instances": [
        {
          "schema_version": 0,
          "attributes": {
            "account_id": "885071088198",
            "arn": "arn:aws:iam::885071088198:user/cli",
            "id": "885071088198",
            "user_id": "AIDA44ESZBJDBHJRQAYQI"
          },
          "sensitive_attributes": [],
          "identity_schema_version": 0
        }
      ]
    },
    {
      "mode": "managed",
      "type": "aws_acm_certificate",
      "name": "main",
      "provider": "provider[\"registry.terraform.io/hashicorp/aws\"]",
      "instances": [
        {
          "schema_version": 0,
          "attributes": {
            "arn": "arn:aws:acm:us-east-1:885071088198:certificate/3cd6efe5-5fc1-4b80-9b39-95ed828b00df",
            "certificate_authority_arn": "",
            "certificate_body": null,
            "certificate_chain": null,
            "domain_name": "inboxleap.com",
            "domain_validation_options": [
              {
                "domain_name": "*.inboxleap.com",
                "resource_record_name": "_154272e940858f19d8f7f92217241cb1.inboxleap.com.",
                "resource_record_type": "CNAME",
                "resource_record_value": "_9f976e072acee9c567feedf5043185e1.xlfgrmvvlj.acm-validations.aws."
              },
              {
                "domain_name": "inboxleap.com",
                "resource_record_name": "_154272e940858f19d8f7f92217241cb1.inboxleap.com.",
                "resource_record_type": "CNAME",
                "resource_record_value": "_9f976e072acee9c567feedf5043185e1.xlfgrmvvlj.acm-validations.aws."
              }
            ],
            "early_renewal_duration": "",
            "id": "arn:aws:acm:us-east-1:885071088198:certificate/3cd6efe5-5fc1-4b80-9b39-95ed828b00df",
            "key_algorithm": "RSA_2048",
            "not_after": "2026-09-11T23:59:59Z",
            "not_before": "2025-08-13T00:00:00Z",
            "options": [
              {
                "certificate_transparency_logging_preference": "ENABLED"
              }
            ],
            "pending_renewal": false,
            "private_key": null,
            "renewal_eligibility": "ELIGIBLE",
            "renewal_summary": [],
            "status": "ISSUED",
            "subject_alternative_names": [
              "*.inboxleap.com",
              "inboxleap.com"
            ],
            "tags": {
              "Application": "inboxleap-us",
              "Environment": "production",
              "ManagedBy": "terraform"
            },
            "tags_all": {
              "Application": "inboxleap-us",
              "Environment": "production",
              "ManagedBy": "terraform"
            },
            "type": "AMAZON_ISSUED",
            "validation_emails": [],
            "validation_method": "DNS",
            "validation_option": []
          },
          "sensitive_attributes": [
            [
              {
                "type": "get_attr",
                "value": "private_key"
              }
            ]
          ],
          "identity_schema_version": 0,
          "private": "bnVsbA==",
          "create_before_destroy": true
        }
      ]
    },
    {
      "mode": "managed",
      "type": "aws_acm_certificate_validation",
      "name": "main",
      "provider": "provider[\"registry.terraform.io/hashicorp/aws\"]",
      "instances": [
        {
          "schema_version": 0,
          "attributes": {
            "certificate_arn": "arn:aws:acm:us-east-1:885071088198:certificate/3cd6efe5-5fc1-4b80-9b39-95ed828b00df",
            "id": "2025-08-13 03:08:07.201 +0000 UTC",
            "timeouts": null,
            "validation_record_fqdns": [
              "_154272e940858f19d8f7f92217241cb1.inboxleap.com"
            ]
          },
          "sensitive_attributes": [],
          "identity_schema_version": 0,
          "private": "eyJlMmJmYjczMC1lY2FhLTExZTYtOGY4OC0zNDM2M2JjN2M0YzAiOnsiY3JlYXRlIjo0NTAwMDAwMDAwMDAwfX0=",
          "dependencies": [
            "aws_acm_certificate.main",
            "aws_route53_record.cert_validation",
            "aws_route53_zone.main"
          ]
        }
      ]
    },
    {
      "mode": "managed",
      "type": "aws_cloudwatch_log_group",
      "name": "backend",
      "provider": "provider[\"registry.terraform.io/hashicorp/aws\"]",
      "instances": [
        {
          "schema_version": 0,
          "attributes": {
            "arn": "arn:aws:logs:us-east-1:885071088198:log-group:/ecs/inboxleap-us-production-backend",
            "id": "/ecs/inboxleap-us-production-backend",
            "kms_key_id": "",
            "log_group_class": "STANDARD",
            "name": "/ecs/inboxleap-us-production-backend",
            "name_prefix": "",
            "retention_in_days": 7,
            "skip_destroy": false,
            "tags": {
              "Application": "inboxleap-us",
              "Environment": "production",
              "ManagedBy": "terraform"
            },
            "tags_all": {
              "Application": "inboxleap-us",
              "Environment": "production",
              "ManagedBy": "terraform"
            }
          },
          "sensitive_attributes": [],
          "identity_schema_version": 0,
          "private": "bnVsbA=="
        }
      ]
    },
    {
      "mode": "managed",
      "type": "aws_cloudwatch_log_group",
      "name": "frontend",
      "provider": "provider[\"registry.terraform.io/hashicorp/aws\"]",
      "instances": [
        {
          "schema_version": 0,
          "attributes": {
            "arn": "arn:aws:logs:us-east-1:885071088198:log-group:/ecs/inboxleap-us-production-frontend",
            "id": "/ecs/inboxleap-us-production-frontend",
            "kms_key_id": "",
            "log_group_class": "STANDARD",
            "name": "/ecs/inboxleap-us-production-frontend",
            "name_prefix": "",
            "retention_in_days": 7,
            "skip_destroy": false,
            "tags": {
              "Application": "inboxleap-us",
              "Environment": "production",
              "ManagedBy": "terraform"
            },
            "tags_all": {
              "Application": "inboxleap-us",
              "Environment": "production",
              "ManagedBy": "terraform"
            }
          },
          "sensitive_attributes": [],
          "identity_schema_version": 0,
          "private": "bnVsbA=="
        }
      ]
    },
    {
      "mode": "managed",
      "type": "aws_ecr_lifecycle_policy",
      "name": "backend",
      "provider": "provider[\"registry.terraform.io/hashicorp/aws\"]",
      "instances": [
        {
          "schema_version": 0,
          "attributes": {
            "id": "inboxleap-us-production-backend",
            "policy": "{\"rules\":[{\"action\":{\"type\":\"expire\"},\"description\":\"Keep last 10 images\",\"rulePriority\":1,\"selection\":{\"countNumber\":10,\"countType\":\"imageCountMoreThan\",\"tagStatus\":\"any\"}}]}",
            "registry_id": "885071088198",
            "repository": "inboxleap-us-production-backend"
          },
          "sensitive_attributes": [],
          "identity_schema_version": 0,
          "private": "bnVsbA==",
          "dependencies": [
            "aws_ecr_repository.backend"
          ]
        }
      ]
    },
    {
      "mode": "managed",
      "type": "aws_ecr_lifecycle_policy",
      "name": "frontend",
      "provider": "provider[\"registry.terraform.io/hashicorp/aws\"]",
      "instances": [
        {
          "schema_version": 0,
          "attributes": {
            "id": "inboxleap-us-production-frontend",
            "policy": "{\"rules\":[{\"action\":{\"type\":\"expire\"},\"description\":\"Keep last 10 images\",\"rulePriority\":1,\"selection\":{\"countNumber\":10,\"countType\":\"imageCountMoreThan\",\"tagStatus\":\"any\"}}]}",
            "registry_id": "885071088198",
            "repository": "inboxleap-us-production-frontend"
          },
          "sensitive_attributes": [],
          "identity_schema_version": 0,
          "private": "bnVsbA==",
          "dependencies": [
            "aws_ecr_repository.frontend"
          ]
        }
      ]
    },
    {
      "mode": "managed",
      "type": "aws_ecr_repository",
      "name": "backend",
      "provider": "provider[\"registry.terraform.io/hashicorp/aws\"]",
      "instances": [
        {
          "schema_version": 0,
          "attributes": {
            "arn": "arn:aws:ecr:us-east-1:885071088198:repository/inboxleap-us-production-backend",
            "encryption_configuration": [
              {
                "encryption_type": "AES256",
                "kms_key": ""
              }
            ],
            "force_delete": null,
            "id": "inboxleap-us-production-backend",
            "image_scanning_configuration": [
              {
                "scan_on_push": true
              }
            ],
            "image_tag_mutability": "MUTABLE",
            "name": "inboxleap-us-production-backend",
            "registry_id": "885071088198",
            "repository_url": "885071088198.dkr.ecr.us-east-1.amazonaws.com/inboxleap-us-production-backend",
            "tags": {
              "Application": "inboxleap-us",
              "Environment": "production",
              "ManagedBy": "terraform"
            },
            "tags_all": {
              "Application": "inboxleap-us",
              "Environment": "production",
              "ManagedBy": "terraform"
            },
            "timeouts": null
          },
          "sensitive_attributes": [],
          "identity_schema_version": 0,
          "private": "eyJlMmJmYjczMC1lY2FhLTExZTYtOGY4OC0zNDM2M2JjN2M0YzAiOnsiZGVsZXRlIjoxMjAwMDAwMDAwMDAwfX0="
        }
      ]
    },
    {
      "mode": "managed",
      "type": "aws_ecr_repository",
      "name": "frontend",
      "provider": "provider[\"registry.terraform.io/hashicorp/aws\"]",
      "instances": [
        {
          "schema_version": 0,
          "attributes": {
            "arn": "arn:aws:ecr:us-east-1:885071088198:repository/inboxleap-us-production-frontend",
            "encryption_configuration": [
              {
                "encryption_type": "AES256",
                "kms_key": ""
              }
            ],
            "force_delete": null,
            "id": "inboxleap-us-production-frontend",
            "image_scanning_configuration": [
              {
                "scan_on_push": true
              }
            ],
            "image_tag_mutability": "MUTABLE",
            "name": "inboxleap-us-production-frontend",
            "registry_id": "885071088198",
            "repository_url": "885071088198.dkr.ecr.us-east-1.amazonaws.com/inboxleap-us-production-frontend",
            "tags": {
              "Application": "inboxleap-us",
              "Environment": "production",
              "ManagedBy": "terraform"
            },
            "tags_all": {
              "Application": "inboxleap-us",
              "Environment": "production",
              "ManagedBy": "terraform"
            },
            "timeouts": null
          },
          "sensitive_attributes": [],
          "identity_schema_version": 0,
          "private": "eyJlMmJmYjczMC1lY2FhLTExZTYtOGY4OC0zNDM2M2JjN2M0YzAiOnsiZGVsZXRlIjoxMjAwMDAwMDAwMDAwfX0="
        }
      ]
    },
    {
      "mode": "managed",
      "type": "aws_ecs_cluster",
      "name": "main",
      "provider": "provider[\"registry.terraform.io/hashicorp/aws\"]",
      "instances": [
        {
          "schema_version": 0,
          "attributes": {
            "arn": "arn:aws:ecs:us-east-1:885071088198:cluster/inboxleap-us-production-cluster",
            "configuration": [],
            "id": "arn:aws:ecs:us-east-1:885071088198:cluster/inboxleap-us-production-cluster",
            "name": "inboxleap-us-production-cluster",
            "service_connect_defaults": [],
            "setting": [
              {
                "name": "containerInsights",
                "value": "enabled"
              }
            ],
            "tags": {
              "Application": "inboxleap-us",
              "Environment": "production",
              "ManagedBy": "terraform"
            },
            "tags_all": {
              "Application": "inboxleap-us",
              "Environment": "production",
              "ManagedBy": "terraform"
            }
          },
          "sensitive_attributes": [],
          "identity_schema_version": 0,
          "private": "bnVsbA=="
        }
      ]
    },
    {
      "mode": "managed",
      "type": "aws_ecs_service",
      "name": "backend",
      "provider": "provider[\"registry.terraform.io/hashicorp/aws\"]",
      "instances": [
        {
          "schema_version": 1,
          "attributes": {
            "alarms": [],
            "availability_zone_rebalancing": "DISABLED",
            "capacity_provider_strategy": [],
            "cluster": "arn:aws:ecs:us-east-1:885071088198:cluster/inboxleap-us-production-cluster",
            "deployment_circuit_breaker": [
              {
                "enable": false,
                "rollback": false
              }
            ],
            "deployment_controller": [
              {
                "type": "ECS"
              }
            ],
            "deployment_maximum_percent": 200,
            "deployment_minimum_healthy_percent": 100,
            "desired_count": 1,
            "enable_ecs_managed_tags": false,
            "enable_execute_command": false,
            "force_delete": null,
            "force_new_deployment": null,
            "health_check_grace_period_seconds": 0,
            "iam_role": "/aws-service-role/ecs.amazonaws.com/AWSServiceRoleForECS",
            "id": "arn:aws:ecs:us-east-1:885071088198:service/inboxleap-us-production-cluster/inboxleap-us-production-backend",
            "launch_type": "FARGATE",
            "load_balancer": [
              {
                "container_name": "backend",
                "container_port": 3000,
                "elb_name": "",
                "target_group_arn": "arn:aws:elasticloadbalancing:us-east-1:885071088198:targetgroup/inboxleap-us-backend-tg/08ed00278ece60cb"
              }
            ],
            "name": "inboxleap-us-production-backend",
            "network_configuration": [
              {
                "assign_public_ip": false,
                "security_groups": [
                  "sg-0b8fdcdb382aa123e"
                ],
                "subnets": [
                  "subnet-010d1cf6c5b1f8975",
                  "subnet-0e3ca0d7edc509e72"
                ]
              }
            ],
            "ordered_placement_strategy": [],
            "placement_constraints": [],
            "platform_version": "LATEST",
            "propagate_tags": "NONE",
            "scheduling_strategy": "REPLICA",
            "service_connect_configuration": [],
            "service_registries": [],
            "tags": {
              "Application": "inboxleap-us",
              "Environment": "production",
              "ManagedBy": "terraform"
            },
            "tags_all": {
              "Application": "inboxleap-us",
              "Environment": "production",
              "ManagedBy": "terraform"
            },
            "task_definition": "arn:aws:ecs:us-east-1:885071088198:task-definition/inboxleap-us-production-backend:7",
            "timeouts": null,
            "triggers": {},
            "volume_configuration": [],
            "vpc_lattice_configurations": [],
            "wait_for_steady_state": false
          },
          "sensitive_attributes": [],
          "identity_schema_version": 0,
          "private": "eyJlMmJmYjczMC1lY2FhLTExZTYtOGY4OC0zNDM2M2JjN2M0YzAiOnsiY3JlYXRlIjoxMjAwMDAwMDAwMDAwLCJkZWxldGUiOjEyMDAwMDAwMDAwMDAsInVwZGF0ZSI6MTIwMDAwMDAwMDAwMH0sInNjaGVtYV92ZXJzaW9uIjoiMSJ9",
          "dependencies": [
            "aws_acm_certificate.main",
            "aws_acm_certificate_validation.main",
            "aws_cloudwatch_log_group.backend",
            "aws_ecr_repository.backend",
            "aws_ecs_cluster.main",
            "aws_ecs_task_definition.backend",
            "aws_iam_role.ecs_task_execution_role",
            "aws_iam_role.ecs_task_role",
            "aws_lb.main",
            "aws_lb_listener.main",
            "aws_lb_target_group.backend",
            "aws_lb_target_group.frontend",
            "aws_route53_record.cert_validation",
            "aws_route53_zone.main",
            "aws_security_group.alb",
            "aws_security_group.ecs",
            "aws_subnet.private",
            "aws_subnet.public",
            "aws_vpc.main",
            "data.aws_availability_zones.available",
            "data.aws_caller_identity.current"
          ]
        }
      ]
    },
    {
      "mode": "managed",
      "type": "aws_ecs_service",
      "name": "frontend",
      "provider": "provider[\"registry.terraform.io/hashicorp/aws\"]",
      "instances": [
        {
          "schema_version": 1,
          "attributes": {
            "alarms": [],
            "availability_zone_rebalancing": "DISABLED",
            "capacity_provider_strategy": [],
            "cluster": "arn:aws:ecs:us-east-1:885071088198:cluster/inboxleap-us-production-cluster",
            "deployment_circuit_breaker": [
              {
                "enable": false,
                "rollback": false
              }
            ],
            "deployment_controller": [
              {
                "type": "ECS"
              }
            ],
            "deployment_maximum_percent": 200,
            "deployment_minimum_healthy_percent": 100,
            "desired_count": 1,
            "enable_ecs_managed_tags": false,
            "enable_execute_command": false,
            "force_delete": null,
            "force_new_deployment": null,
            "health_check_grace_period_seconds": 0,
            "iam_role": "/aws-service-role/ecs.amazonaws.com/AWSServiceRoleForECS",
            "id": "arn:aws:ecs:us-east-1:885071088198:service/inboxleap-us-production-cluster/inboxleap-us-production-frontend",
            "launch_type": "FARGATE",
            "load_balancer": [
              {
                "container_name": "frontend",
                "container_port": 80,
                "elb_name": "",
                "target_group_arn": "arn:aws:elasticloadbalancing:us-east-1:885071088198:targetgroup/inboxleap-us-frontend-tg/6614e1678e8a1bad"
              }
            ],
            "name": "inboxleap-us-production-frontend",
            "network_configuration": [
              {
                "assign_public_ip": false,
                "security_groups": [
                  "sg-0b8fdcdb382aa123e"
                ],
                "subnets": [
                  "subnet-010d1cf6c5b1f8975",
                  "subnet-0e3ca0d7edc509e72"
                ]
              }
            ],
            "ordered_placement_strategy": [],
            "placement_constraints": [],
            "platform_version": "LATEST",
            "propagate_tags": "NONE",
            "scheduling_strategy": "REPLICA",
            "service_connect_configuration": [],
            "service_registries": [],
            "tags": {
              "Application": "inboxleap-us",
              "Environment": "production",
              "ManagedBy": "terraform"
            },
            "tags_all": {
              "Application": "inboxleap-us",
              "Environment": "production",
              "ManagedBy": "terraform"
            },
            "task_definition": "arn:aws:ecs:us-east-1:885071088198:task-definition/inboxleap-us-production-frontend:1",
            "timeouts": null,
            "triggers": {},
            "volume_configuration": [],
            "vpc_lattice_configurations": [],
            "wait_for_steady_state": false
          },
          "sensitive_attributes": [],
          "identity_schema_version": 0,
          "private": "eyJlMmJmYjczMC1lY2FhLTExZTYtOGY4OC0zNDM2M2JjN2M0YzAiOnsiY3JlYXRlIjoxMjAwMDAwMDAwMDAwLCJkZWxldGUiOjEyMDAwMDAwMDAwMDAsInVwZGF0ZSI6MTIwMDAwMDAwMDAwMH0sInNjaGVtYV92ZXJzaW9uIjoiMSJ9",
          "dependencies": [
            "aws_acm_certificate.main",
            "aws_acm_certificate_validation.main",
            "aws_cloudwatch_log_group.frontend",
            "aws_ecr_repository.frontend",
            "aws_ecs_cluster.main",
            "aws_ecs_task_definition.frontend",
            "aws_iam_role.ecs_task_execution_role",
            "aws_lb.main",
            "aws_lb_listener.main",
            "aws_lb_target_group.frontend",
            "aws_route53_record.cert_validation",
            "aws_route53_zone.main",
            "aws_security_group.alb",
            "aws_security_group.ecs",
            "aws_subnet.private",
            "aws_subnet.public",
            "aws_vpc.main",
            "data.aws_availability_zones.available"
          ]
        }
      ]
    },
    {
      "mode": "managed",
      "type": "aws_ecs_task_definition",
      "name": "backend",
      "provider": "provider[\"registry.terraform.io/hashicorp/aws\"]",
      "instances": [
        {
          "schema_version": 1,
          "attributes": {
            "arn": "arn:aws:ecs:us-east-1:885071088198:task-definition/inboxleap-us-production-backend:7",
            "arn_without_revision": "arn:aws:ecs:us-east-1:885071088198:task-definition/inboxleap-us-production-backend",
            "container_definitions": "[{\"environment\":[{\"name\":\"APP_URL\",\"value\":\"https://inboxleap.com\"},{\"name\":\"NODE_ENV\",\"value\":\"production\"},{\"name\":\"PORT\",\"value\":\"3000\"}],\"essential\":true,\"healthCheck\":{\"command\":[\"CMD-SHELL\",\"curl -f http://localhost:3000/api/health || exit 1\"],\"interval\":60,\"retries\":3,\"startPeriod\":180,\"timeout\":10},\"image\":\"885071088198.dkr.ecr.us-east-1.amazonaws.com/inboxleap-us-production-backend:latest\",\"logConfiguration\":{\"logDriver\":\"awslogs\",\"options\":{\"awslogs-stream-prefix\":\"ecs\",\"awslogs-group\":\"/ecs/inboxleap-us-production-backend\",\"awslogs-region\":\"us-east-1\"}},\"mountPoints\":[],\"name\":\"backend\",\"portMappings\":[{\"containerPort\":3000,\"hostPort\":3000,\"protocol\":\"tcp\"}],\"secrets\":[{\"name\":\"CLAUDE_API_KEY\",\"valueFrom\":\"arn:aws:ssm:us-east-1:885071088198:parameter/inboxleap-us-production/CLAUDE_API_KEY\"},{\"name\":\"DASHBOARD_URL\",\"valueFrom\":\"arn:aws:ssm:us-east-1:885071088198:parameter/inboxleap-us-production/DASHBOARD_URL\"},{\"name\":\"DATABASE_URL\",\"valueFrom\":\"arn:aws:ssm:us-east-1:885071088198:parameter/inboxleap-us-production/DATABASE_URL\"},{\"name\":\"GMAIL_EMAIL\",\"valueFrom\":\"arn:aws:ssm:us-east-1:885071088198:parameter/inboxleap-us-production/GMAIL_EMAIL\"},{\"name\":\"GMAIL_EMAIL_PASSWORD\",\"valueFrom\":\"arn:aws:ssm:us-east-1:885071088198:parameter/inboxleap-us-production/GMAIL_EMAIL_PASSWORD\"},{\"name\":\"GMAIL_IMAP_HOST\",\"valueFrom\":\"arn:aws:ssm:us-east-1:885071088198:parameter/inboxleap-us-production/GMAIL_IMAP_HOST\"},{\"name\":\"GMAIL_IMAP_PORT\",\"valueFrom\":\"arn:aws:ssm:us-east-1:885071088198:parameter/inboxleap-us-production/GMAIL_IMAP_PORT\"},{\"name\":\"GMAIL_SMTP_HOST\",\"valueFrom\":\"arn:aws:ssm:us-east-1:885071088198:parameter/inboxleap-us-production/GMAIL_SMTP_HOST\"},{\"name\":\"GMAIL_SMTP_PORT\",\"valueFrom\":\"arn:aws:ssm:us-east-1:885071088198:parameter/inboxleap-us-production/GMAIL_SMTP_PORT\"},{\"name\":\"GOOGLE_CLIENT_ID\",\"valueFrom\":\"arn:aws:ssm:us-east-1:885071088198:parameter/inboxleap-us-production/GOOGLE_CLIENT_ID\"},{\"name\":\"GOOGLE_CLIENT_SECRET\",\"valueFrom\":\"arn:aws:ssm:us-east-1:885071088198:parameter/inboxleap-us-production/GOOGLE_CLIENT_SECRET\"},{\"name\":\"POSTMARK_FROM_EMAIL\",\"valueFrom\":\"arn:aws:ssm:us-east-1:885071088198:parameter/inboxleap-us-production/POSTMARK_FROM_EMAIL\"},{\"name\":\"POSTMARK_SERVER_TOKEN\",\"valueFrom\":\"arn:aws:ssm:us-east-1:885071088198:parameter/inboxleap-us-production/POSTMARK_SERVER_TOKEN\"},{\"name\":\"SERVICE_EMAIL\",\"valueFrom\":\"arn:aws:ssm:us-east-1:885071088198:parameter/inboxleap-us-production/SERVICE_EMAIL\"},{\"name\":\"SERVICE_EMAIL_PASSWORD\",\"valueFrom\":\"arn:aws:ssm:us-east-1:885071088198:parameter/inboxleap-us-production/SERVICE_EMAIL_PASSWORD\"},{\"name\":\"SERVICE_IMAP_HOST\",\"valueFrom\":\"arn:aws:ssm:us-east-1:885071088198:parameter/inboxleap-us-production/SERVICE_IMAP_HOST\"},{\"name\":\"SERVICE_IMAP_PORT\",\"valueFrom\":\"arn:aws:ssm:us-east-1:885071088198:parameter/inboxleap-us-production/SERVICE_IMAP_PORT\"},{\"name\":\"SERVICE_SMTP_HOST\",\"valueFrom\":\"arn:aws:ssm:us-east-1:885071088198:parameter/inboxleap-us-production/SERVICE_SMTP_HOST\"},{\"name\":\"SERVICE_SMTP_PORT\",\"valueFrom\":\"arn:aws:ssm:us-east-1:885071088198:parameter/inboxleap-us-production/SERVICE_SMTP_PORT\"},{\"name\":\"SESSION_SECRET\",\"valueFrom\":\"arn:aws:ssm:us-east-1:885071088198:parameter/inboxleap-us-production/SESSION_SECRET\"},{\"name\":\"SES_WEBHOOK_SECRET\",\"valueFrom\":\"arn:aws:ssm:us-east-1:885071088198:parameter/inboxleap-us-production/SES_WEBHOOK_SECRET\"},{\"name\":\"SMTP_HOST\",\"valueFrom\":\"arn:aws:ssm:us-east-1:885071088198:parameter/inboxleap-us-production/SMTP_HOST\"},{\"name\":\"SMTP_PORT\",\"valueFrom\":\"arn:aws:ssm:us-east-1:885071088198:parameter/inboxleap-us-production/SMTP_PORT\"}],\"systemControls\":[],\"volumesFrom\":[]}]",
            "cpu": "1024",
            "enable_fault_injection": false,
            "ephemeral_storage": [],
            "execution_role_arn": "arn:aws:iam::885071088198:role/inboxleap-us-production-ecs-task-execution-role",
            "family": "inboxleap-us-production-backend",
            "id": "inboxleap-us-production-backend",
            "inference_accelerator": [],
            "ipc_mode": "",
            "memory": "2048",
            "network_mode": "awsvpc",
            "pid_mode": "",
            "placement_constraints": [],
            "proxy_configuration": [],
            "requires_compatibilities": [
              "FARGATE"
            ],
            "revision": 7,
            "runtime_platform": [],
            "skip_destroy": false,
            "tags": {
              "Application": "inboxleap-us",
              "Environment": "production",
              "ManagedBy": "terraform"
            },
            "tags_all": {
              "Application": "inboxleap-us",
              "Environment": "production",
              "ManagedBy": "terraform"
            },
            "task_role_arn": "arn:aws:iam::885071088198:role/inboxleap-us-production-ecs-task-role",
            "track_latest": false,
            "volume": []
          },
          "sensitive_attributes": [],
          "identity_schema_version": 0,
          "private": "eyJzY2hlbWFfdmVyc2lvbiI6IjEifQ==",
          "dependencies": [
            "aws_cloudwatch_log_group.backend",
            "aws_ecr_repository.backend",
            "aws_iam_role.ecs_task_execution_role",
            "aws_iam_role.ecs_task_role",
            "data.aws_caller_identity.current"
          ]
        }
      ]
    },
    {
      "mode": "managed",
      "type": "aws_ecs_task_definition",
      "name": "frontend",
      "provider": "provider[\"registry.terraform.io/hashicorp/aws\"]",
      "instances": [
        {
          "schema_version": 1,
          "attributes": {
            "arn": "arn:aws:ecs:us-east-1:885071088198:task-definition/inboxleap-us-production-frontend:1",
            "arn_without_revision": "arn:aws:ecs:us-east-1:885071088198:task-definition/inboxleap-us-production-frontend",
            "container_definitions": "[{\"environment\":[],\"essential\":true,\"image\":\"885071088198.dkr.ecr.us-east-1.amazonaws.com/inboxleap-us-production-frontend:latest\",\"logConfiguration\":{\"logDriver\":\"awslogs\",\"options\":{\"awslogs-group\":\"/ecs/inboxleap-us-production-frontend\",\"awslogs-region\":\"us-east-1\",\"awslogs-stream-prefix\":\"ecs\"}},\"mountPoints\":[],\"name\":\"frontend\",\"portMappings\":[{\"containerPort\":80,\"hostPort\":80,\"protocol\":\"tcp\"}],\"systemControls\":[],\"volumesFrom\":[]}]",
            "cpu": "256",
            "enable_fault_injection": false,
            "ephemeral_storage": [],
            "execution_role_arn": "arn:aws:iam::885071088198:role/inboxleap-us-production-ecs-task-execution-role",
            "family": "inboxleap-us-production-frontend",
            "id": "inboxleap-us-production-frontend",
            "inference_accelerator": [],
            "ipc_mode": "",
            "memory": "512",
            "network_mode": "awsvpc",
            "pid_mode": "",
            "placement_constraints": [],
            "proxy_configuration": [],
            "requires_compatibilities": [
              "FARGATE"
            ],
            "revision": 1,
            "runtime_platform": [],
            "skip_destroy": false,
            "tags": {
              "Application": "inboxleap-us",
              "Environment": "production",
              "ManagedBy": "terraform"
            },
            "tags_all": {
              "Application": "inboxleap-us",
              "Environment": "production",
              "ManagedBy": "terraform"
            },
            "task_role_arn": "",
            "track_latest": false,
            "volume": []
          },
          "sensitive_attributes": [],
          "identity_schema_version": 0,
          "private": "eyJzY2hlbWFfdmVyc2lvbiI6IjEifQ==",
          "dependencies": [
            "aws_cloudwatch_log_group.frontend",
            "aws_ecr_repository.frontend",
            "aws_iam_role.ecs_task_execution_role"
          ]
        }
      ]
    },
    {
      "mode": "managed",
      "type": "aws_eip",
      "name": "nat",
      "provider": "provider[\"registry.terraform.io/hashicorp/aws\"]",
      "instances": [
        {
          "schema_version": 0,
          "attributes": {
            "address": null,
            "allocation_id": "eipalloc-0cfc1989d0a946375",
            "arn": "arn:aws:ec2:us-east-1:885071088198:elastic-ip/eipalloc-0cfc1989d0a946375",
            "associate_with_private_ip": null,
            "association_id": "eipassoc-0f2d7f090372ba305",
            "carrier_ip": "",
            "customer_owned_ip": "",
            "customer_owned_ipv4_pool": "",
            "domain": "vpc",
            "id": "eipalloc-0cfc1989d0a946375",
            "instance": "",
            "ipam_pool_id": null,
            "network_border_group": "us-east-1",
            "network_interface": "eni-071ab6adf36a6c133",
            "private_dns": "ip-10-0-1-41.ec2.internal",
            "private_ip": "10.0.1.41",
            "ptr_record": "",
            "public_dns": "ec2-54-159-77-188.compute-1.amazonaws.com",
            "public_ip": "54.159.77.188",
            "public_ipv4_pool": "amazon",
            "tags": {
              "Application": "inboxleap-us",
              "Environment": "production",
              "ManagedBy": "terraform",
              "Name": "inboxleap-us-production-nat-eip"
            },
            "tags_all": {
              "Application": "inboxleap-us",
              "Environment": "production",
              "ManagedBy": "terraform",
              "Name": "inboxleap-us-production-nat-eip"
            },
            "timeouts": null,
            "vpc": true
          },
          "sensitive_attributes": [],
          "identity_schema_version": 0,
          "private": "eyJlMmJmYjczMC1lY2FhLTExZTYtOGY4OC0zNDM2M2JjN2M0YzAiOnsiZGVsZXRlIjoxODAwMDAwMDAwMDAsInJlYWQiOjkwMDAwMDAwMDAwMCwidXBkYXRlIjozMDAwMDAwMDAwMDB9fQ=="
        }
      ]
    },
    {
      "mode": "managed",
      "type": "aws_iam_role",
      "name": "ecs_task_execution_role",
      "provider": "provider[\"registry.terraform.io/hashicorp/aws\"]",
      "instances": [
        {
          "schema_version": 0,
          "attributes": {
            "arn": "arn:aws:iam::885071088198:role/inboxleap-us-production-ecs-task-execution-role",
            "assume_role_policy": "{\"Statement\":[{\"Action\":\"sts:AssumeRole\",\"Effect\":\"Allow\",\"Principal\":{\"Service\":\"ecs-tasks.amazonaws.com\"}}],\"Version\":\"2012-10-17\"}",
            "create_date": "2025-08-13T03:07:56Z",
            "description": "",
            "force_detach_policies": false,
            "id": "inboxleap-us-production-ecs-task-execution-role",
            "inline_policy": [
              {
                "name": "inboxleap-us-production-ecs-exec-ssm-policy",
                "policy": "{\"Version\":\"2012-10-17\",\"Statement\":[{\"Action\":[\"ssm:GetParameter\",\"ssm:GetParameters\",\"ssm:GetParametersByPath\"],\"Effect\":\"Allow\",\"Resource\":\"arn:aws:ssm:us-east-1:885071088198:parameter/inboxleap-us-production/*\"},{\"Action\":[\"kms:Decrypt\"],\"Effect\":\"Allow\",\"Resource\":\"*\"}]}"
              }
            ],
            "managed_policy_arns": [
              "arn:aws:iam::aws:policy/service-role/AmazonECSTaskExecutionRolePolicy"
            ],
            "max_session_duration": 3600,
            "name": "inboxleap-us-production-ecs-task-execution-role",
            "name_prefix": "",
            "path": "/",
            "permissions_boundary": "",
            "tags": {
              "Application": "inboxleap-us",
              "Environment": "production",
              "ManagedBy": "terraform"
            },
            "tags_all": {
              "Application": "inboxleap-us",
              "Environment": "production",
              "ManagedBy": "terraform"
            },
            "unique_id": "AROA44ESZBJDECOQ7VYLB"
          },
          "sensitive_attributes": [],
          "identity_schema_version": 0,
          "private": "bnVsbA=="
        }
      ]
    },
    {
      "mode": "managed",
      "type": "aws_iam_role",
      "name": "ecs_task_role",
      "provider": "provider[\"registry.terraform.io/hashicorp/aws\"]",
      "instances": [
        {
          "schema_version": 0,
          "attributes": {
            "arn": "arn:aws:iam::885071088198:role/inboxleap-us-production-ecs-task-role",
            "assume_role_policy": "{\"Statement\":[{\"Action\":\"sts:AssumeRole\",\"Effect\":\"Allow\",\"Principal\":{\"Service\":\"ecs-tasks.amazonaws.com\"}}],\"Version\":\"2012-10-17\"}",
            "create_date": "2025-08-13T03:07:56Z",
            "description": "",
            "force_detach_policies": false,
            "id": "inboxleap-us-production-ecs-task-role",
            "inline_policy": [
              {
                "name": "inboxleap-us-production-s3-policy",
                "policy": "{\"Version\":\"2012-10-17\",\"Statement\":[{\"Action\":[\"s3:GetObject\",\"s3:PutObject\",\"s3:DeleteObject\"],\"Effect\":\"Allow\",\"Resource\":\"arn:aws:s3:::inboxleap-us-production-email-storage/*\"},{\"Action\":[\"s3:ListBucket\"],\"Effect\":\"Allow\",\"Resource\":\"arn:aws:s3:::inboxleap-us-production-email-storage\"}]}"
              },
              {
                "name": "inboxleap-us-production-ses-policy",
                "policy": "{\"Version\":\"2012-10-17\",\"Statement\":[{\"Action\":[\"ses:SendEmail\",\"ses:SendRawEmail\",\"ses:GetSendQuota\",\"ses:GetSendStatistics\"],\"Effect\":\"Allow\",\"Resource\":\"*\"}]}"
              }
            ],
            "managed_policy_arns": [],
            "max_session_duration": 3600,
            "name": "inboxleap-us-production-ecs-task-role",
            "name_prefix": "",
            "path": "/",
            "permissions_boundary": "",
            "tags": {
              "Application": "inboxleap-us",
              "Environment": "production",
              "ManagedBy": "terraform"
            },
            "tags_all": {
              "Application": "inboxleap-us",
              "Environment": "production",
              "ManagedBy": "terraform"
            },
            "unique_id": "AROA44ESZBJDGKEP467JU"
          },
          "sensitive_attributes": [],
          "identity_schema_version": 0,
          "private": "bnVsbA=="
        }
      ]
    },
    {
      "mode": "managed",
      "type": "aws_iam_role",
      "name": "lambda_webhook_role",
      "provider": "provider[\"registry.terraform.io/hashicorp/aws\"]",
      "instances": [
        {
          "schema_version": 0,
          "attributes": {
            "arn": "arn:aws:iam::885071088198:role/inboxleap-us-production-lambda-webhook-role",
            "assume_role_policy": "{\"Statement\":[{\"Action\":\"sts:AssumeRole\",\"Effect\":\"Allow\",\"Principal\":{\"Service\":\"lambda.amazonaws.com\"}}],\"Version\":\"2012-10-17\"}",
            "create_date": "2025-09-04T15:09:36Z",
            "description": "",
            "force_detach_policies": false,
            "id": "inboxleap-us-production-lambda-webhook-role",
            "inline_policy": [
              {
                "name": "inboxleap-us-production-lambda-webhook-policy",
                "policy": "{\"Version\":\"2012-10-17\",\"Statement\":[{\"Action\":[\"logs:CreateLogGroup\",\"logs:CreateLogStream\",\"logs:PutLogEvents\"],\"Effect\":\"Allow\",\"Resource\":\"arn:aws:logs:*:*:*\"},{\"Action\":[\"s3:GetObject\"],\"Effect\":\"Allow\",\"Resource\":\"arn:aws:s3:::inboxleap-us-production-email-storage/*\"}]}"
              }
            ],
            "managed_policy_arns": [],
            "max_session_duration": 3600,
            "name": "inboxleap-us-production-lambda-webhook-role",
            "name_prefix": "",
            "path": "/",
            "permissions_boundary": "",
            "tags": {},
            "tags_all": {},
            "unique_id": "AROA44ESZBJDAVBKJXTEJ"
          },
          "sensitive_attributes": [],
          "identity_schema_version": 0,
          "private": "bnVsbA=="
        }
      ]
    },
    {
      "mode": "managed",
      "type": "aws_iam_role",
      "name": "ses_s3_role",
      "provider": "provider[\"registry.terraform.io/hashicorp/aws\"]",
      "instances": [
        {
          "schema_version": 0,
          "attributes": {
            "arn": "arn:aws:iam::885071088198:role/inboxleap-us-production-ses-s3-role",
            "assume_role_policy": "{\"Statement\":[{\"Action\":\"sts:AssumeRole\",\"Effect\":\"Allow\",\"Principal\":{\"Service\":\"ses.amazonaws.com\"}}],\"Version\":\"2012-10-17\"}",
            "create_date": "2025-08-13T04:43:53Z",
            "description": "",
            "force_detach_policies": false,
            "id": "inboxleap-us-production-ses-s3-role",
            "inline_policy": [
              {
                "name": "inboxleap-us-production-ses-s3-policy",
                "policy": "{\"Version\":\"2012-10-17\",\"Statement\":[{\"Action\":[\"s3:PutObject\",\"s3:PutObjectAcl\"],\"Effect\":\"Allow\",\"Resource\":\"arn:aws:s3:::inboxleap-us-production-email-storage/*\"}]}"
              }
            ],
            "managed_policy_arns": [],
            "max_session_duration": 3600,
            "name": "inboxleap-us-production-ses-s3-role",
            "name_prefix": "",
            "path": "/",
            "permissions_boundary": "",
            "tags": {},
            "tags_all": {},
            "unique_id": "AROA44ESZBJDHNEEKTWQW"
          },
          "sensitive_attributes": [],
          "identity_schema_version": 0,
          "private": "bnVsbA=="
        }
      ]
    },
    {
      "mode": "managed",
      "type": "aws_iam_role_policy",
      "name": "ecs_exec_role_ssm_policy",
      "provider": "provider[\"registry.terraform.io/hashicorp/aws\"]",
      "instances": [
        {
          "schema_version": 0,
          "attributes": {
            "id": "inboxleap-us-production-ecs-task-execution-role:inboxleap-us-production-ecs-exec-ssm-policy",
            "name": "inboxleap-us-production-ecs-exec-ssm-policy",
            "name_prefix": "",
            "policy": "{\"Version\":\"2012-10-17\",\"Statement\":[{\"Action\":[\"ssm:GetParameter\",\"ssm:GetParameters\",\"ssm:GetParametersByPath\"],\"Effect\":\"Allow\",\"Resource\":\"arn:aws:ssm:us-east-1:885071088198:parameter/inboxleap-us-production/*\"},{\"Action\":[\"kms:Decrypt\"],\"Effect\":\"Allow\",\"Resource\":\"*\"}]}",
            "role": "inboxleap-us-production-ecs-task-execution-role"
          },
          "sensitive_attributes": [],
          "identity_schema_version": 0,
          "private": "bnVsbA==",
          "dependencies": [
            "aws_iam_role.ecs_task_execution_role",
            "data.aws_caller_identity.current"
          ]
        }
      ]
    },
    {
      "mode": "managed",
      "type": "aws_iam_role_policy",
      "name": "ecs_task_s3_policy",
      "provider": "provider[\"registry.terraform.io/hashicorp/aws\"]",
      "instances": [
        {
          "schema_version": 0,
          "attributes": {
            "id": "inboxleap-us-production-ecs-task-role:inboxleap-us-production-s3-policy",
            "name": "inboxleap-us-production-s3-policy",
            "name_prefix": "",
            "policy": "{\"Version\":\"2012-10-17\",\"Statement\":[{\"Action\":[\"s3:GetObject\",\"s3:PutObject\",\"s3:DeleteObject\"],\"Effect\":\"Allow\",\"Resource\":\"arn:aws:s3:::inboxleap-us-production-email-storage/*\"},{\"Action\":[\"s3:ListBucket\"],\"Effect\":\"Allow\",\"Resource\":\"arn:aws:s3:::inboxleap-us-production-email-storage\"}]}",
            "role": "inboxleap-us-production-ecs-task-role"
          },
          "sensitive_attributes": [],
          "identity_schema_version": 0,
          "private": "bnVsbA==",
          "dependencies": [
            "aws_iam_role.ecs_task_role",
            "aws_s3_bucket.email_storage"
          ]
        }
      ]
    },
    {
      "mode": "managed",
      "type": "aws_iam_role_policy",
      "name": "ecs_task_ses_policy",
      "provider": "provider[\"registry.terraform.io/hashicorp/aws\"]",
      "instances": [
        {
          "schema_version": 0,
          "attributes": {
            "id": "inboxleap-us-production-ecs-task-role:inboxleap-us-production-ses-policy",
            "name": "inboxleap-us-production-ses-policy",
            "name_prefix": "",
            "policy": "{\"Version\":\"2012-10-17\",\"Statement\":[{\"Action\":[\"ses:SendEmail\",\"ses:SendRawEmail\",\"ses:GetSendQuota\",\"ses:GetSendStatistics\"],\"Effect\":\"Allow\",\"Resource\":\"*\"}]}",
            "role": "inboxleap-us-production-ecs-task-role"
          },
          "sensitive_attributes": [],
          "identity_schema_version": 0,
          "private": "bnVsbA==",
          "dependencies": [
            "aws_iam_role.ecs_task_role"
          ]
        }
      ]
    },
    {
      "mode": "managed",
      "type": "aws_iam_role_policy",
      "name": "lambda_webhook_policy",
      "provider": "provider[\"registry.terraform.io/hashicorp/aws\"]",
      "instances": [
        {
          "schema_version": 0,
          "attributes": {
            "id": "inboxleap-us-production-lambda-webhook-role:inboxleap-us-production-lambda-webhook-policy",
            "name": "inboxleap-us-production-lambda-webhook-policy",
            "name_prefix": "",
            "policy": "{\"Version\":\"2012-10-17\",\"Statement\":[{\"Action\":[\"logs:CreateLogGroup\",\"logs:CreateLogStream\",\"logs:PutLogEvents\"],\"Effect\":\"Allow\",\"Resource\":\"arn:aws:logs:*:*:*\"},{\"Action\":[\"s3:GetObject\"],\"Effect\":\"Allow\",\"Resource\":\"arn:aws:s3:::inboxleap-us-production-email-storage/*\"}]}",
            "role": "inboxleap-us-production-lambda-webhook-role"
          },
          "sensitive_attributes": [],
          "identity_schema_version": 0,
          "private": "bnVsbA==",
          "dependencies": [
            "aws_iam_role.lambda_webhook_role",
            "aws_s3_bucket.email_storage"
          ]
        }
      ]
    },
    {
      "mode": "managed",
      "type": "aws_iam_role_policy",
      "name": "ses_s3_policy",
      "provider": "provider[\"registry.terraform.io/hashicorp/aws\"]",
      "instances": [
        {
          "schema_version": 0,
          "attributes": {
            "id": "inboxleap-us-production-ses-s3-role:inboxleap-us-production-ses-s3-policy",
            "name": "inboxleap-us-production-ses-s3-policy",
            "name_prefix": "",
            "policy": "{\"Version\":\"2012-10-17\",\"Statement\":[{\"Action\":[\"s3:PutObject\",\"s3:PutObjectAcl\"],\"Effect\":\"Allow\",\"Resource\":\"arn:aws:s3:::inboxleap-us-production-email-storage/*\"}]}",
            "role": "inboxleap-us-production-ses-s3-role"
          },
          "sensitive_attributes": [],
          "identity_schema_version": 0,
          "private": "bnVsbA==",
          "dependencies": [
            "aws_iam_role.ses_s3_role",
            "aws_s3_bucket.email_storage"
          ]
        }
      ]
    },
    {
      "mode": "managed",
      "type": "aws_iam_role_policy_attachment",
      "name": "ecs_task_execution_role_policy",
      "provider": "provider[\"registry.terraform.io/hashicorp/aws\"]",
      "instances": [
        {
          "schema_version": 0,
          "attributes": {
            "id": "inboxleap-us-production-ecs-task-execution-role-20250813030828497400000004",
            "policy_arn": "arn:aws:iam::aws:policy/service-role/AmazonECSTaskExecutionRolePolicy",
            "role": "inboxleap-us-production-ecs-task-execution-role"
          },
          "sensitive_attributes": [],
          "identity_schema_version": 0,
          "private": "bnVsbA==",
          "dependencies": [
            "aws_iam_role.ecs_task_execution_role"
          ]
        }
      ]
    },
    {
      "mode": "managed",
      "type": "aws_internet_gateway",
      "name": "main",
      "provider": "provider[\"registry.terraform.io/hashicorp/aws\"]",
      "instances": [
        {
          "schema_version": 0,
          "attributes": {
            "arn": "arn:aws:ec2:us-east-1:885071088198:internet-gateway/igw-02e52c6b727bf1c65",
            "id": "igw-02e52c6b727bf1c65",
            "owner_id": "885071088198",
            "tags": {
              "Application": "inboxleap-us",
              "Environment": "production",
              "ManagedBy": "terraform",
              "Name": "inboxleap-us-production-igw"
            },
            "tags_all": {
              "Application": "inboxleap-us",
              "Environment": "production",
              "ManagedBy": "terraform",
              "Name": "inboxleap-us-production-igw"
            },
            "timeouts": null,
            "vpc_id": "vpc-00e2a7445fe2a5a4f"
          },
          "sensitive_attributes": [],
          "identity_schema_version": 0,
          "private": "eyJlMmJmYjczMC1lY2FhLTExZTYtOGY4OC0zNDM2M2JjN2M0YzAiOnsiY3JlYXRlIjoxMjAwMDAwMDAwMDAwLCJkZWxldGUiOjEyMDAwMDAwMDAwMDAsInVwZGF0ZSI6MTIwMDAwMDAwMDAwMH19",
          "dependencies": [
            "aws_vpc.main"
          ]
        }
      ]
    },
    {
      "mode": "managed",
      "type": "aws_lambda_function",
      "name": "email_webhook_processor",
      "provider": "provider[\"registry.terraform.io/hashicorp/aws\"]",
      "instances": [
        {
          "schema_version": 0,
          "attributes": {
            "architectures": [
              "x86_64"
            ],
            "arn": "arn:aws:lambda:us-east-1:885071088198:function:inboxleap-us-production-email-webhook-processor",
            "code_sha256": "2tZZRXjkIg7E64g0Q3CgRA73m02exszBrJqj1amBxG0=",
            "code_signing_config_arn": "",
            "dead_letter_config": [],
            "description": "",
            "environment": [
              {
                "variables": {
                  "BACKEND_URL": "https://inboxleap.com",
                  "DOMAIN_NAME": "inboxleap.com",
                  "EMAIL_BUCKET": "inboxleap-us-production-email-storage",
                  "EMAIL_PREFIX": "incoming-emails/",
                  "WEBHOOK_SECRET": "changeme-webhook-secret-random-string"
                }
              }
            ],
            "ephemeral_storage": [
              {
                "size": 512
              }
            ],
            "file_system_config": [],
            "filename": "email_webhook_processor.zip",
            "function_name": "inboxleap-us-production-email-webhook-processor",
            "handler": "index.handler",
            "id": "inboxleap-us-production-email-webhook-processor",
            "image_config": [],
            "image_uri": "",
            "invoke_arn": "arn:aws:apigateway:us-east-1:lambda:path/2015-03-31/functions/arn:aws:lambda:us-east-1:885071088198:function:inboxleap-us-production-email-webhook-processor/invocations",
            "kms_key_arn": "",
            "last_modified": "2025-09-04T15:09:47.047+0000",
            "layers": [],
            "logging_config": [
              {
                "application_log_level": "",
                "log_format": "Text",
                "log_group": "/aws/lambda/inboxleap-us-production-email-webhook-processor",
                "system_log_level": ""
              }
            ],
            "memory_size": 128,
            "package_type": "Zip",
            "publish": false,
            "qualified_arn": "arn:aws:lambda:us-east-1:885071088198:function:inboxleap-us-production-email-webhook-processor:$LATEST",
            "qualified_invoke_arn": "arn:aws:apigateway:us-east-1:lambda:path/2015-03-31/functions/arn:aws:lambda:us-east-1:885071088198:function:inboxleap-us-production-email-webhook-processor:$LATEST/invocations",
            "replace_security_groups_on_destroy": null,
            "replacement_security_group_ids": null,
            "reserved_concurrent_executions": -1,
            "role": "arn:aws:iam::885071088198:role/inboxleap-us-production-lambda-webhook-role",
            "runtime": "python3.9",
            "s3_bucket": null,
            "s3_key": null,
            "s3_object_version": null,
            "signing_job_arn": "",
            "signing_profile_version_arn": "",
            "skip_destroy": false,
            "snap_start": [],
            "source_code_hash": "2tZZRXjkIg7E64g0Q3CgRA73m02exszBrJqj1amBxG0=",
            "source_code_size": 1825,
            "tags": {},
            "tags_all": {},
            "timeout": 30,
            "timeouts": null,
            "tracing_config": [
              {
                "mode": "PassThrough"
              }
            ],
            "version": "$LATEST",
            "vpc_config": []
          },
          "sensitive_attributes": [
            [
              {
                "type": "get_attr",
                "value": "environment"
              },
              {
                "type": "index",
                "value": {
                  "value": 0,
                  "type": "number"
                }
              },
              {
                "type": "get_attr",
                "value": "variables"
              },
              {
                "type": "index",
                "value": {
                  "value": "WEBHOOK_SECRET",
                  "type": "string"
                }
              }
            ]
          ],
          "identity_schema_version": 0,
          "private": "eyJlMmJmYjczMC1lY2FhLTExZTYtOGY4OC0zNDM2M2JjN2M0YzAiOnsiY3JlYXRlIjo2MDAwMDAwMDAwMDAsImRlbGV0ZSI6NjAwMDAwMDAwMDAwLCJ1cGRhdGUiOjYwMDAwMDAwMDAwMH19",
          "dependencies": [
            "aws_iam_role.lambda_webhook_role",
            "aws_s3_bucket.email_storage",
            "data.archive_file.email_webhook_processor_zip"
          ]
        }
      ]
    },
    {
      "mode": "managed",
      "type": "aws_lambda_permission",
      "name": "ses_invoke_webhook_lambda",
      "provider": "provider[\"registry.terraform.io/hashicorp/aws\"]",
      "instances": [
        {
          "schema_version": 0,
          "attributes": {
            "action": "lambda:InvokeFunction",
            "event_source_token": "",
            "function_name": "inboxleap-us-production-email-webhook-processor",
            "function_url_auth_type": "",
            "id": "AllowExecutionFromSES",
            "principal": "ses.amazonaws.com",
            "principal_org_id": "",
            "qualifier": "",
            "source_account": "885071088198",
            "source_arn": "arn:aws:ses:us-east-1:885071088198:receipt-rule-set/inboxleap-us-production-rule-set",
            "statement_id": "AllowExecutionFromSES",
            "statement_id_prefix": ""
          },
          "sensitive_attributes": [],
          "identity_schema_version": 0,
          "private": "bnVsbA==",
          "dependencies": [
            "aws_iam_role.lambda_webhook_role",
            "aws_lambda_function.email_webhook_processor",
            "aws_s3_bucket.email_storage",
            "aws_ses_receipt_rule_set.main",
            "data.archive_file.email_webhook_processor_zip",
            "data.aws_caller_identity.current"
          ]
        }
      ]
    },
    {
      "mode": "managed",
      "type": "aws_lb",
      "name": "main",
      "provider": "provider[\"registry.terraform.io/hashicorp/aws\"]",
      "instances": [
        {
          "schema_version": 0,
          "attributes": {
            "access_logs": [
              {
                "bucket": "",
                "enabled": false,
                "prefix": ""
              }
            ],
            "arn": "arn:aws:elasticloadbalancing:us-east-1:885071088198:loadbalancer/app/inboxleap-us-production-alb/05f8faa5e4114bf7",
            "arn_suffix": "app/inboxleap-us-production-alb/05f8faa5e4114bf7",
            "client_keep_alive": 3600,
            "connection_logs": [
              {
                "bucket": "",
                "enabled": false,
                "prefix": ""
              }
            ],
            "customer_owned_ipv4_pool": "",
            "desync_mitigation_mode": "defensive",
            "dns_name": "inboxleap-us-production-alb-1234515798.us-east-1.elb.amazonaws.com",
            "dns_record_client_routing_policy": null,
            "drop_invalid_header_fields": false,
            "enable_cross_zone_load_balancing": true,
            "enable_deletion_protection": false,
            "enable_http2": true,
            "enable_tls_version_and_cipher_suite_headers": false,
            "enable_waf_fail_open": false,
            "enable_xff_client_port": false,
            "enable_zonal_shift": false,
            "enforce_security_group_inbound_rules_on_private_link_traffic": "",
            "id": "arn:aws:elasticloadbalancing:us-east-1:885071088198:loadbalancer/app/inboxleap-us-production-alb/05f8faa5e4114bf7",
            "idle_timeout": 3600,
            "internal": false,
            "ip_address_type": "ipv4",
            "ipam_pools": [],
            "load_balancer_type": "application",
            "minimum_load_balancer_capacity": [],
            "name": "inboxleap-us-production-alb",
            "name_prefix": "",
            "preserve_host_header": false,
            "security_groups": [
              "sg-0683cf7059bdbc2f7"
            ],
            "subnet_mapping": [
              {
                "allocation_id": "",
                "ipv6_address": "",
                "outpost_id": "",
                "private_ipv4_address": "",
                "subnet_id": "subnet-0673a7bf593d6d6ae"
              },
              {
                "allocation_id": "",
                "ipv6_address": "",
                "outpost_id": "",
                "private_ipv4_address": "",
                "subnet_id": "subnet-067aaede27f0de347"
              }
            ],
            "subnets": [
              "subnet-0673a7bf593d6d6ae",
              "subnet-067aaede27f0de347"
            ],
            "tags": {
              "Application": "inboxleap-us",
              "Environment": "production",
              "ManagedBy": "terraform"
            },
            "tags_all": {
              "Application": "inboxleap-us",
              "Environment": "production",
              "ManagedBy": "terraform"
            },
            "timeouts": null,
            "vpc_id": "vpc-00e2a7445fe2a5a4f",
            "xff_header_processing_mode": "append",
            "zone_id": "Z35SXDOTRQ7X7K"
          },
          "sensitive_attributes": [],
          "identity_schema_version": 0,
          "private": "eyJlMmJmYjczMC1lY2FhLTExZTYtOGY4OC0zNDM2M2JjN2M0YzAiOnsiY3JlYXRlIjo2MDAwMDAwMDAwMDAsImRlbGV0ZSI6NjAwMDAwMDAwMDAwLCJ1cGRhdGUiOjYwMDAwMDAwMDAwMH19",
          "dependencies": [
            "aws_security_group.alb",
            "aws_subnet.public",
            "aws_vpc.main",
            "data.aws_availability_zones.available"
          ]
        }
      ]
    },
    {
      "mode": "managed",
      "type": "aws_lb_listener",
      "name": "http",
      "provider": "provider[\"registry.terraform.io/hashicorp/aws\"]",
      "instances": [
        {
          "schema_version": 0,
          "attributes": {
            "alpn_policy": null,
            "arn": "arn:aws:elasticloadbalancing:us-east-1:885071088198:listener/app/inboxleap-us-production-alb/05f8faa5e4114bf7/7910bfff50ec8d00",
            "certificate_arn": null,
            "default_action": [
              {
                "authenticate_cognito": [],
                "authenticate_oidc": [],
                "fixed_response": [],
                "forward": [],
                "order": 1,
                "redirect": [
                  {
                    "host": "#{host}",
                    "path": "/#{path}",
                    "port": "443",
                    "protocol": "HTTPS",
                    "query": "#{query}",
                    "status_code": "HTTP_301"
                  }
                ],
                "target_group_arn": "",
                "type": "redirect"
              }
            ],
            "id": "arn:aws:elasticloadbalancing:us-east-1:885071088198:listener/app/inboxleap-us-production-alb/05f8faa5e4114bf7/7910bfff50ec8d00",
            "load_balancer_arn": "arn:aws:elasticloadbalancing:us-east-1:885071088198:loadbalancer/app/inboxleap-us-production-alb/05f8faa5e4114bf7",
            "mutual_authentication": [],
            "port": 80,
            "protocol": "HTTP",
            "routing_http_request_x_amzn_mtls_clientcert_header_name": null,
            "routing_http_request_x_amzn_mtls_clientcert_issuer_header_name": null,
            "routing_http_request_x_amzn_mtls_clientcert_leaf_header_name": null,
            "routing_http_request_x_amzn_mtls_clientcert_serial_number_header_name": null,
            "routing_http_request_x_amzn_mtls_clientcert_subject_header_name": null,
            "routing_http_request_x_amzn_mtls_clientcert_validity_header_name": null,
            "routing_http_request_x_amzn_tls_cipher_suite_header_name": null,
            "routing_http_request_x_amzn_tls_version_header_name": null,
            "routing_http_response_access_control_allow_credentials_header_value": "",
            "routing_http_response_access_control_allow_headers_header_value": "",
            "routing_http_response_access_control_allow_methods_header_value": "",
            "routing_http_response_access_control_allow_origin_header_value": "",
            "routing_http_response_access_control_expose_headers_header_value": "",
            "routing_http_response_access_control_max_age_header_value": "",
            "routing_http_response_content_security_policy_header_value": "",
            "routing_http_response_server_enabled": true,
            "routing_http_response_strict_transport_security_header_value": "",
            "routing_http_response_x_content_type_options_header_value": "",
            "routing_http_response_x_frame_options_header_value": "",
            "ssl_policy": "",
            "tags": {},
            "tags_all": {},
            "tcp_idle_timeout_seconds": null,
            "timeouts": null
          },
          "sensitive_attributes": [],
          "identity_schema_version": 0,
          "private": "eyJlMmJmYjczMC1lY2FhLTExZTYtOGY4OC0zNDM2M2JjN2M0YzAiOnsiY3JlYXRlIjozMDAwMDAwMDAwMDAsInVwZGF0ZSI6MzAwMDAwMDAwMDAwfX0=",
          "dependencies": [
            "aws_lb.main",
            "aws_security_group.alb",
            "aws_subnet.public",
            "aws_vpc.main",
            "data.aws_availability_zones.available"
          ]
        }
      ]
    },
    {
      "mode": "managed",
      "type": "aws_lb_listener",
      "name": "main",
      "provider": "provider[\"registry.terraform.io/hashicorp/aws\"]",
      "instances": [
        {
          "schema_version": 0,
          "attributes": {
            "alpn_policy": null,
            "arn": "arn:aws:elasticloadbalancing:us-east-1:885071088198:listener/app/inboxleap-us-production-alb/05f8faa5e4114bf7/d77c4880c3209202",
            "certificate_arn": "arn:aws:acm:us-east-1:885071088198:certificate/3cd6efe5-5fc1-4b80-9b39-95ed828b00df",
            "default_action": [
              {
                "authenticate_cognito": [],
                "authenticate_oidc": [],
                "fixed_response": [],
                "forward": [],
                "order": 1,
                "redirect": [],
                "target_group_arn": "arn:aws:elasticloadbalancing:us-east-1:885071088198:targetgroup/inboxleap-us-frontend-tg/6614e1678e8a1bad",
                "type": "forward"
              }
            ],
            "id": "arn:aws:elasticloadbalancing:us-east-1:885071088198:listener/app/inboxleap-us-production-alb/05f8faa5e4114bf7/d77c4880c3209202",
            "load_balancer_arn": "arn:aws:elasticloadbalancing:us-east-1:885071088198:loadbalancer/app/inboxleap-us-production-alb/05f8faa5e4114bf7",
            "mutual_authentication": [
              {
                "advertise_trust_store_ca_names": "",
                "ignore_client_certificate_expiry": false,
                "mode": "off",
                "trust_store_arn": ""
              }
            ],
            "port": 443,
            "protocol": "HTTPS",
            "routing_http_request_x_amzn_mtls_clientcert_header_name": "",
            "routing_http_request_x_amzn_mtls_clientcert_issuer_header_name": "",
            "routing_http_request_x_amzn_mtls_clientcert_leaf_header_name": "",
            "routing_http_request_x_amzn_mtls_clientcert_serial_number_header_name": "",
            "routing_http_request_x_amzn_mtls_clientcert_subject_header_name": "",
            "routing_http_request_x_amzn_mtls_clientcert_validity_header_name": "",
            "routing_http_request_x_amzn_tls_cipher_suite_header_name": "",
            "routing_http_request_x_amzn_tls_version_header_name": "",
            "routing_http_response_access_control_allow_credentials_header_value": "",
            "routing_http_response_access_control_allow_headers_header_value": "",
            "routing_http_response_access_control_allow_methods_header_value": "",
            "routing_http_response_access_control_allow_origin_header_value": "",
            "routing_http_response_access_control_expose_headers_header_value": "",
            "routing_http_response_access_control_max_age_header_value": "",
            "routing_http_response_content_security_policy_header_value": "",
            "routing_http_response_server_enabled": true,
            "routing_http_response_strict_transport_security_header_value": "",
            "routing_http_response_x_content_type_options_header_value": "",
            "routing_http_response_x_frame_options_header_value": "",
            "ssl_policy": "ELBSecurityPolicy-TLS-1-2-2017-01",
            "tags": {},
            "tags_all": {},
            "tcp_idle_timeout_seconds": null,
            "timeouts": null
          },
          "sensitive_attributes": [],
          "identity_schema_version": 0,
          "private": "eyJlMmJmYjczMC1lY2FhLTExZTYtOGY4OC0zNDM2M2JjN2M0YzAiOnsiY3JlYXRlIjozMDAwMDAwMDAwMDAsInVwZGF0ZSI6MzAwMDAwMDAwMDAwfX0=",
          "dependencies": [
            "aws_acm_certificate.main",
            "aws_acm_certificate_validation.main",
            "aws_lb.main",
            "aws_lb_target_group.frontend",
            "aws_route53_record.cert_validation",
            "aws_route53_zone.main",
            "aws_security_group.alb",
            "aws_subnet.public",
            "aws_vpc.main",
            "data.aws_availability_zones.available"
          ]
        }
      ]
    },
    {
      "mode": "managed",
      "type": "aws_lb_listener_rule",
      "name": "api",
      "provider": "provider[\"registry.terraform.io/hashicorp/aws\"]",
      "instances": [
        {
          "schema_version": 0,
          "attributes": {
            "action": [
              {
                "authenticate_cognito": [],
                "authenticate_oidc": [],
                "fixed_response": [],
                "forward": [],
                "order": 1,
                "redirect": [],
                "target_group_arn": "arn:aws:elasticloadbalancing:us-east-1:885071088198:targetgroup/inboxleap-us-backend-tg/08ed00278ece60cb",
                "type": "forward"
              }
            ],
            "arn": "arn:aws:elasticloadbalancing:us-east-1:885071088198:listener-rule/app/inboxleap-us-production-alb/05f8faa5e4114bf7/d77c4880c3209202/a7aefeb5f788bd30",
            "condition": [
              {
                "host_header": [],
                "http_header": [],
                "http_request_method": [],
                "path_pattern": [
                  {
                    "values": [
                      "/api/*"
                    ]
                  }
                ],
                "query_string": [],
                "source_ip": []
              }
            ],
            "id": "arn:aws:elasticloadbalancing:us-east-1:885071088198:listener-rule/app/inboxleap-us-production-alb/05f8faa5e4114bf7/d77c4880c3209202/a7aefeb5f788bd30",
            "listener_arn": "arn:aws:elasticloadbalancing:us-east-1:885071088198:listener/app/inboxleap-us-production-alb/05f8faa5e4114bf7/d77c4880c3209202",
            "priority": 100,
            "tags": {},
            "tags_all": {}
          },
          "sensitive_attributes": [],
          "identity_schema_version": 0,
          "private": "bnVsbA==",
          "dependencies": [
            "aws_acm_certificate.main",
            "aws_acm_certificate_validation.main",
            "aws_lb.main",
            "aws_lb_listener.main",
            "aws_lb_target_group.backend",
            "aws_lb_target_group.frontend",
            "aws_route53_record.cert_validation",
            "aws_route53_zone.main",
            "aws_security_group.alb",
            "aws_subnet.public",
            "aws_vpc.main",
            "data.aws_availability_zones.available"
          ]
        }
      ]
    },
    {
      "mode": "managed",
      "type": "aws_lb_listener_rule",
      "name": "ws",
      "provider": "provider[\"registry.terraform.io/hashicorp/aws\"]",
      "instances": [
        {
          "schema_version": 0,
          "attributes": {
            "action": [
              {
                "authenticate_cognito": [],
                "authenticate_oidc": [],
                "fixed_response": [],
                "forward": [],
                "order": 1,
                "redirect": [],
                "target_group_arn": "arn:aws:elasticloadbalancing:us-east-1:885071088198:targetgroup/inboxleap-us-backend-tg/08ed00278ece60cb",
                "type": "forward"
              }
            ],
            "arn": "arn:aws:elasticloadbalancing:us-east-1:885071088198:listener-rule/app/inboxleap-us-production-alb/05f8faa5e4114bf7/d77c4880c3209202/4a0a426bd318b7a0",
            "condition": [
              {
                "host_header": [],
                "http_header": [],
                "http_request_method": [],
                "path_pattern": [
                  {
                    "values": [
                      "/ws*"
                    ]
                  }
                ],
                "query_string": [],
                "source_ip": []
              }
            ],
            "id": "arn:aws:elasticloadbalancing:us-east-1:885071088198:listener-rule/app/inboxleap-us-production-alb/05f8faa5e4114bf7/d77c4880c3209202/4a0a426bd318b7a0",
            "listener_arn": "arn:aws:elasticloadbalancing:us-east-1:885071088198:listener/app/inboxleap-us-production-alb/05f8faa5e4114bf7/d77c4880c3209202",
            "priority": 110,
            "tags": {},
            "tags_all": {}
          },
          "sensitive_attributes": [],
          "identity_schema_version": 0,
          "private": "bnVsbA==",
          "dependencies": [
            "aws_acm_certificate.main",
            "aws_acm_certificate_validation.main",
            "aws_lb.main",
            "aws_lb_listener.main",
            "aws_lb_target_group.backend",
            "aws_lb_target_group.frontend",
            "aws_route53_record.cert_validation",
            "aws_route53_zone.main",
            "aws_security_group.alb",
            "aws_subnet.public",
            "aws_vpc.main",
            "data.aws_availability_zones.available"
          ]
        }
      ]
    },
    {
      "mode": "managed",
      "type": "aws_lb_target_group",
      "name": "backend",
      "provider": "provider[\"registry.terraform.io/hashicorp/aws\"]",
      "instances": [
        {
          "schema_version": 0,
          "attributes": {
            "arn": "arn:aws:elasticloadbalancing:us-east-1:885071088198:targetgroup/inboxleap-us-backend-tg/08ed00278ece60cb",
            "arn_suffix": "targetgroup/inboxleap-us-backend-tg/08ed00278ece60cb",
            "connection_termination": null,
            "deregistration_delay": "300",
            "health_check": [
              {
                "enabled": true,
                "healthy_threshold": 2,
                "interval": 60,
                "matcher": "200-399",
                "path": "/api/health",
                "port": "traffic-port",
                "protocol": "HTTP",
                "timeout": 10,
                "unhealthy_threshold": 3
              }
            ],
            "id": "arn:aws:elasticloadbalancing:us-east-1:885071088198:targetgroup/inboxleap-us-backend-tg/08ed00278ece60cb",
            "ip_address_type": "ipv4",
            "lambda_multi_value_headers_enabled": false,
            "load_balancer_arns": [
              "arn:aws:elasticloadbalancing:us-east-1:885071088198:loadbalancer/app/inboxleap-us-production-alb/05f8faa5e4114bf7"
            ],
            "load_balancing_algorithm_type": "round_robin",
            "load_balancing_anomaly_mitigation": "off",
            "load_balancing_cross_zone_enabled": "use_load_balancer_configuration",
            "name": "inboxleap-us-backend-tg",
            "name_prefix": "",
            "port": 3000,
            "preserve_client_ip": null,
            "protocol": "HTTP",
            "protocol_version": "HTTP1",
            "proxy_protocol_v2": false,
            "slow_start": 0,
            "stickiness": [
              {
                "cookie_duration": 86400,
                "cookie_name": "",
                "enabled": false,
                "type": "lb_cookie"
              }
            ],
            "tags": {
              "Application": "inboxleap-us",
              "Environment": "production",
              "ManagedBy": "terraform"
            },
            "tags_all": {
              "Application": "inboxleap-us",
              "Environment": "production",
              "ManagedBy": "terraform"
            },
            "target_failover": [
              {
                "on_deregistration": null,
                "on_unhealthy": null
              }
            ],
            "target_group_health": [
              {
                "dns_failover": [
                  {
                    "minimum_healthy_targets_count": "1",
                    "minimum_healthy_targets_percentage": "off"
                  }
                ],
                "unhealthy_state_routing": [
                  {
                    "minimum_healthy_targets_count": 1,
                    "minimum_healthy_targets_percentage": "off"
                  }
                ]
              }
            ],
            "target_health_state": [
              {
                "enable_unhealthy_connection_termination": null,
                "unhealthy_draining_interval": null
              }
            ],
            "target_type": "ip",
            "vpc_id": "vpc-00e2a7445fe2a5a4f"
          },
          "sensitive_attributes": [],
          "identity_schema_version": 0,
          "private": "bnVsbA==",
          "dependencies": [
            "aws_vpc.main"
          ]
        }
      ]
    },
    {
      "mode": "managed",
      "type": "aws_lb_target_group",
      "name": "frontend",
      "provider": "provider[\"registry.terraform.io/hashicorp/aws\"]",
      "instances": [
        {
          "schema_version": 0,
          "attributes": {
            "arn": "arn:aws:elasticloadbalancing:us-east-1:885071088198:targetgroup/inboxleap-us-frontend-tg/6614e1678e8a1bad",
            "arn_suffix": "targetgroup/inboxleap-us-frontend-tg/6614e1678e8a1bad",
            "connection_termination": null,
            "deregistration_delay": "300",
            "health_check": [
              {
                "enabled": true,
                "healthy_threshold": 2,
                "interval": 30,
                "matcher": "200-399",
                "path": "/health",
                "port": "traffic-port",
                "protocol": "HTTP",
                "timeout": 5,
                "unhealthy_threshold": 2
              }
            ],
            "id": "arn:aws:elasticloadbalancing:us-east-1:885071088198:targetgroup/inboxleap-us-frontend-tg/6614e1678e8a1bad",
            "ip_address_type": "ipv4",
            "lambda_multi_value_headers_enabled": false,
            "load_balancer_arns": [
              "arn:aws:elasticloadbalancing:us-east-1:885071088198:loadbalancer/app/inboxleap-us-production-alb/05f8faa5e4114bf7"
            ],
            "load_balancing_algorithm_type": "round_robin",
            "load_balancing_anomaly_mitigation": "off",
            "load_balancing_cross_zone_enabled": "use_load_balancer_configuration",
            "name": "inboxleap-us-frontend-tg",
            "name_prefix": "",
            "port": 80,
            "preserve_client_ip": null,
            "protocol": "HTTP",
            "protocol_version": "HTTP1",
            "proxy_protocol_v2": false,
            "slow_start": 0,
            "stickiness": [
              {
                "cookie_duration": 86400,
                "cookie_name": "",
                "enabled": false,
                "type": "lb_cookie"
              }
            ],
            "tags": {
              "Application": "inboxleap-us",
              "Environment": "production",
              "ManagedBy": "terraform"
            },
            "tags_all": {
              "Application": "inboxleap-us",
              "Environment": "production",
              "ManagedBy": "terraform"
            },
            "target_failover": [
              {
                "on_deregistration": null,
                "on_unhealthy": null
              }
            ],
            "target_group_health": [
              {
                "dns_failover": [
                  {
                    "minimum_healthy_targets_count": "1",
                    "minimum_healthy_targets_percentage": "off"
                  }
                ],
                "unhealthy_state_routing": [
                  {
                    "minimum_healthy_targets_count": 1,
                    "minimum_healthy_targets_percentage": "off"
                  }
                ]
              }
            ],
            "target_health_state": [
              {
                "enable_unhealthy_connection_termination": null,
                "unhealthy_draining_interval": null
              }
            ],
            "target_type": "ip",
            "vpc_id": "vpc-00e2a7445fe2a5a4f"
          },
          "sensitive_attributes": [],
          "identity_schema_version": 0,
          "private": "bnVsbA==",
          "dependencies": [
            "aws_vpc.main"
          ]
        }
      ]
    },
    {
      "mode": "managed",
      "type": "aws_nat_gateway",
      "name": "main",
      "provider": "provider[\"registry.terraform.io/hashicorp/aws\"]",
      "instances": [
        {
          "schema_version": 0,
          "attributes": {
            "allocation_id": "eipalloc-0cfc1989d0a946375",
            "association_id": "eipassoc-0f2d7f090372ba305",
            "connectivity_type": "public",
            "id": "nat-0dacf4d9cad06924c",
            "network_interface_id": "eni-071ab6adf36a6c133",
            "private_ip": "10.0.1.41",
            "public_ip": "54.159.77.188",
            "secondary_allocation_ids": [],
            "secondary_private_ip_address_count": 0,
            "secondary_private_ip_addresses": [],
            "subnet_id": "subnet-0673a7bf593d6d6ae",
            "tags": {
              "Application": "inboxleap-us",
              "Environment": "production",
              "ManagedBy": "terraform",
              "Name": "inboxleap-us-production-nat-gw"
            },
            "tags_all": {
              "Application": "inboxleap-us",
              "Environment": "production",
              "ManagedBy": "terraform",
              "Name": "inboxleap-us-production-nat-gw"
            },
            "timeouts": null
          },
          "sensitive_attributes": [],
          "identity_schema_version": 0,
          "private": "eyJlMmJmYjczMC1lY2FhLTExZTYtOGY4OC0zNDM2M2JjN2M0YzAiOnsiY3JlYXRlIjo2MDAwMDAwMDAwMDAsImRlbGV0ZSI6MTgwMDAwMDAwMDAwMCwidXBkYXRlIjo2MDAwMDAwMDAwMDB9fQ==",
          "dependencies": [
            "aws_eip.nat",
            "aws_internet_gateway.main",
            "aws_subnet.public",
            "aws_vpc.main",
            "data.aws_availability_zones.available"
          ]
        }
      ]
    },
    {
      "mode": "managed",
      "type": "aws_route53_record",
      "name": "cert_validation",
      "provider": "provider[\"registry.terraform.io/hashicorp/aws\"]",
      "instances": [
        {
          "index_key": "*.inboxleap.com",
          "schema_version": 2,
          "attributes": {
            "alias": [],
            "allow_overwrite": true,
            "cidr_routing_policy": [],
            "failover_routing_policy": [],
            "fqdn": "_154272e940858f19d8f7f92217241cb1.inboxleap.com",
            "geolocation_routing_policy": [],
            "geoproximity_routing_policy": [],
            "health_check_id": "",
            "id": "Z04751673GTNQMBCGPNDR__154272e940858f19d8f7f92217241cb1.inboxleap.com._CNAME",
            "latency_routing_policy": [],
            "multivalue_answer_routing_policy": false,
            "name": "_154272e940858f19d8f7f92217241cb1.inboxleap.com",
            "records": [
              "_9f976e072acee9c567feedf5043185e1.xlfgrmvvlj.acm-validations.aws."
            ],
            "set_identifier": "",
            "timeouts": null,
            "ttl": 60,
            "type": "CNAME",
            "weighted_routing_policy": [],
            "zone_id": "Z04751673GTNQMBCGPNDR"
          },
          "sensitive_attributes": [],
          "identity_schema_version": 0,
          "private": "eyJlMmJmYjczMC1lY2FhLTExZTYtOGY4OC0zNDM2M2JjN2M0YzAiOnsiY3JlYXRlIjoxODAwMDAwMDAwMDAwLCJkZWxldGUiOjE4MDAwMDAwMDAwMDAsInVwZGF0ZSI6MTgwMDAwMDAwMDAwMH0sInNjaGVtYV92ZXJzaW9uIjoiMiJ9",
          "dependencies": [
            "aws_acm_certificate.main",
            "aws_route53_zone.main"
          ]
        },
        {
          "index_key": "inboxleap.com",
          "schema_version": 2,
          "attributes": {
            "alias": [],
            "allow_overwrite": true,
            "cidr_routing_policy": [],
            "failover_routing_policy": [],
            "fqdn": "_154272e940858f19d8f7f92217241cb1.inboxleap.com",
            "geolocation_routing_policy": [],
            "geoproximity_routing_policy": [],
            "health_check_id": "",
            "id": "Z04751673GTNQMBCGPNDR__154272e940858f19d8f7f92217241cb1.inboxleap.com._CNAME",
            "latency_routing_policy": [],
            "multivalue_answer_routing_policy": false,
            "name": "_154272e940858f19d8f7f92217241cb1.inboxleap.com",
            "records": [
              "_9f976e072acee9c567feedf5043185e1.xlfgrmvvlj.acm-validations.aws."
            ],
            "set_identifier": "",
            "timeouts": null,
            "ttl": 60,
            "type": "CNAME",
            "weighted_routing_policy": [],
            "zone_id": "Z04751673GTNQMBCGPNDR"
          },
          "sensitive_attributes": [],
          "identity_schema_version": 0,
          "private": "eyJlMmJmYjczMC1lY2FhLTExZTYtOGY4OC0zNDM2M2JjN2M0YzAiOnsiY3JlYXRlIjoxODAwMDAwMDAwMDAwLCJkZWxldGUiOjE4MDAwMDAwMDAwMDAsInVwZGF0ZSI6MTgwMDAwMDAwMDAwMH0sInNjaGVtYV92ZXJzaW9uIjoiMiJ9",
          "dependencies": [
            "aws_acm_certificate.main",
            "aws_route53_zone.main"
          ]
        }
      ]
    },
    {
      "mode": "managed",
      "type": "aws_route53_record",
      "name": "dmarc",
      "provider": "provider[\"registry.terraform.io/hashicorp/aws\"]",
      "instances": [
        {
          "schema_version": 2,
          "attributes": {
            "alias": [],
            "allow_overwrite": null,
            "cidr_routing_policy": [],
            "failover_routing_policy": [],
            "fqdn": "_dmarc.inboxleap.com",
            "geolocation_routing_policy": [],
            "geoproximity_routing_policy": [],
            "health_check_id": "",
            "id": "Z04751673GTNQMBCGPNDR__dmarc.inboxleap.com_TXT",
            "latency_routing_policy": [],
            "multivalue_answer_routing_policy": false,
            "name": "_dmarc.inboxleap.com",
            "records": [
              "v=DMARC1; p=quarantine; rua=mailto:dmarc@inboxleap.com; ruf=mailto:dmarc@inboxleap.com; sp=quarantine; adkim=r; aspf=r"
            ],
            "set_identifier": "",
            "timeouts": null,
            "ttl": 600,
            "type": "TXT",
            "weighted_routing_policy": [],
            "zone_id": "Z04751673GTNQMBCGPNDR"
          },
          "sensitive_attributes": [],
          "identity_schema_version": 0,
          "private": "eyJlMmJmYjczMC1lY2FhLTExZTYtOGY4OC0zNDM2M2JjN2M0YzAiOnsiY3JlYXRlIjoxODAwMDAwMDAwMDAwLCJkZWxldGUiOjE4MDAwMDAwMDAwMDAsInVwZGF0ZSI6MTgwMDAwMDAwMDAwMH0sInNjaGVtYV92ZXJzaW9uIjoiMiJ9",
          "dependencies": [
            "aws_route53_zone.main"
          ]
        }
      ]
    },
    {
      "mode": "managed",
      "type": "aws_route53_record",
      "name": "main",
      "provider": "provider[\"registry.terraform.io/hashicorp/aws\"]",
      "instances": [
        {
          "schema_version": 2,
          "attributes": {
            "alias": [
              {
                "evaluate_target_health": true,
                "name": "inboxleap-us-production-alb-1234515798.us-east-1.elb.amazonaws.com",
                "zone_id": "Z35SXDOTRQ7X7K"
              }
            ],
            "allow_overwrite": null,
            "cidr_routing_policy": [],
            "failover_routing_policy": [],
            "fqdn": "inboxleap.com",
            "geolocation_routing_policy": [],
            "geoproximity_routing_policy": [],
            "health_check_id": "",
            "id": "Z04751673GTNQMBCGPNDR_inboxleap.com_A",
            "latency_routing_policy": [],
            "multivalue_answer_routing_policy": false,
            "name": "inboxleap.com",
            "records": [],
            "set_identifier": "",
            "timeouts": null,
            "ttl": 0,
            "type": "A",
            "weighted_routing_policy": [],
            "zone_id": "Z04751673GTNQMBCGPNDR"
          },
          "sensitive_attributes": [],
          "identity_schema_version": 0,
          "private": "eyJlMmJmYjczMC1lY2FhLTExZTYtOGY4OC0zNDM2M2JjN2M0YzAiOnsiY3JlYXRlIjoxODAwMDAwMDAwMDAwLCJkZWxldGUiOjE4MDAwMDAwMDAwMDAsInVwZGF0ZSI6MTgwMDAwMDAwMDAwMH0sInNjaGVtYV92ZXJzaW9uIjoiMiJ9",
          "dependencies": [
            "aws_lb.main",
            "aws_route53_zone.main",
            "aws_security_group.alb",
            "aws_subnet.public",
            "aws_vpc.main",
            "data.aws_availability_zones.available"
          ]
        }
      ]
    },
    {
      "mode": "managed",
      "type": "aws_route53_record",
      "name": "mx",
      "provider": "provider[\"registry.terraform.io/hashicorp/aws\"]",
      "instances": [
        {
          "schema_version": 2,
          "attributes": {
            "alias": [],
            "allow_overwrite": null,
            "cidr_routing_policy": [],
            "failover_routing_policy": [],
            "fqdn": "inboxleap.com",
            "geolocation_routing_policy": [],
            "geoproximity_routing_policy": [],
            "health_check_id": "",
            "id": "Z04751673GTNQMBCGPNDR_inboxleap.com_MX",
            "latency_routing_policy": [],
            "multivalue_answer_routing_policy": false,
            "name": "inboxleap.com",
            "records": [
              "10 inbound-smtp.us-east-1.amazonaws.com"
            ],
            "set_identifier": "",
            "timeouts": null,
            "ttl": 600,
            "type": "MX",
            "weighted_routing_policy": [],
            "zone_id": "Z04751673GTNQMBCGPNDR"
          },
          "sensitive_attributes": [],
          "identity_schema_version": 0,
          "private": "eyJlMmJmYjczMC1lY2FhLTExZTYtOGY4OC0zNDM2M2JjN2M0YzAiOnsiY3JlYXRlIjoxODAwMDAwMDAwMDAwLCJkZWxldGUiOjE4MDAwMDAwMDAwMDAsInVwZGF0ZSI6MTgwMDAwMDAwMDAwMH0sInNjaGVtYV92ZXJzaW9uIjoiMiJ9",
          "dependencies": [
            "aws_route53_zone.main"
          ]
        }
      ]
    },
    {
      "mode": "managed",
      "type": "aws_route53_record",
      "name": "ses_dkim",
      "provider": "provider[\"registry.terraform.io/hashicorp/aws\"]",
      "instances": [
        {
          "index_key": 0,
          "schema_version": 2,
          "attributes": {
            "alias": [],
            "allow_overwrite": null,
            "cidr_routing_policy": [],
            "failover_routing_policy": [],
            "fqdn": "xh5wnajfszwoxld37mitvx4365wxmqut._domainkey.inboxleap.com",
            "geolocation_routing_policy": [],
            "geoproximity_routing_policy": [],
            "health_check_id": "",
            "id": "Z04751673GTNQMBCGPNDR_xh5wnajfszwoxld37mitvx4365wxmqut._domainkey_CNAME",
            "latency_routing_policy": [],
            "multivalue_answer_routing_policy": false,
            "name": "xh5wnajfszwoxld37mitvx4365wxmqut._domainkey",
            "records": [
              "xh5wnajfszwoxld37mitvx4365wxmqut.dkim.amazonses.com"
            ],
            "set_identifier": "",
            "timeouts": null,
            "ttl": 600,
            "type": "CNAME",
            "weighted_routing_policy": [],
            "zone_id": "Z04751673GTNQMBCGPNDR"
          },
          "sensitive_attributes": [],
          "identity_schema_version": 0,
          "private": "eyJlMmJmYjczMC1lY2FhLTExZTYtOGY4OC0zNDM2M2JjN2M0YzAiOnsiY3JlYXRlIjoxODAwMDAwMDAwMDAwLCJkZWxldGUiOjE4MDAwMDAwMDAwMDAsInVwZGF0ZSI6MTgwMDAwMDAwMDAwMH0sInNjaGVtYV92ZXJzaW9uIjoiMiJ9",
          "dependencies": [
            "aws_route53_zone.main",
            "aws_ses_domain_dkim.main",
            "aws_ses_domain_identity.main"
          ]
        },
        {
          "index_key": 1,
          "schema_version": 2,
          "attributes": {
            "alias": [],
            "allow_overwrite": null,
            "cidr_routing_policy": [],
            "failover_routing_policy": [],
            "fqdn": "ep3w3gekshonaxyq3hxmm4hrxb7chcr2._domainkey.inboxleap.com",
            "geolocation_routing_policy": [],
            "geoproximity_routing_policy": [],
            "health_check_id": "",
            "id": "Z04751673GTNQMBCGPNDR_ep3w3gekshonaxyq3hxmm4hrxb7chcr2._domainkey_CNAME",
            "latency_routing_policy": [],
            "multivalue_answer_routing_policy": false,
            "name": "ep3w3gekshonaxyq3hxmm4hrxb7chcr2._domainkey",
            "records": [
              "ep3w3gekshonaxyq3hxmm4hrxb7chcr2.dkim.amazonses.com"
            ],
            "set_identifier": "",
            "timeouts": null,
            "ttl": 600,
            "type": "CNAME",
            "weighted_routing_policy": [],
            "zone_id": "Z04751673GTNQMBCGPNDR"
          },
          "sensitive_attributes": [],
          "identity_schema_version": 0,
          "private": "eyJlMmJmYjczMC1lY2FhLTExZTYtOGY4OC0zNDM2M2JjN2M0YzAiOnsiY3JlYXRlIjoxODAwMDAwMDAwMDAwLCJkZWxldGUiOjE4MDAwMDAwMDAwMDAsInVwZGF0ZSI6MTgwMDAwMDAwMDAwMH0sInNjaGVtYV92ZXJzaW9uIjoiMiJ9",
          "dependencies": [
            "aws_route53_zone.main",
            "aws_ses_domain_dkim.main",
            "aws_ses_domain_identity.main"
          ]
        },
        {
          "index_key": 2,
          "schema_version": 2,
          "attributes": {
            "alias": [],
            "allow_overwrite": null,
            "cidr_routing_policy": [],
            "failover_routing_policy": [],
            "fqdn": "rfxn76mh25gx4cqyz2e3k3bfttn2lxov._domainkey.inboxleap.com",
            "geolocation_routing_policy": [],
            "geoproximity_routing_policy": [],
            "health_check_id": "",
            "id": "Z04751673GTNQMBCGPNDR_rfxn76mh25gx4cqyz2e3k3bfttn2lxov._domainkey_CNAME",
            "latency_routing_policy": [],
            "multivalue_answer_routing_policy": false,
            "name": "rfxn76mh25gx4cqyz2e3k3bfttn2lxov._domainkey",
            "records": [
              "rfxn76mh25gx4cqyz2e3k3bfttn2lxov.dkim.amazonses.com"
            ],
            "set_identifier": "",
            "timeouts": null,
            "ttl": 600,
            "type": "CNAME",
            "weighted_routing_policy": [],
            "zone_id": "Z04751673GTNQMBCGPNDR"
          },
          "sensitive_attributes": [],
          "identity_schema_version": 0,
          "private": "eyJlMmJmYjczMC1lY2FhLTExZTYtOGY4OC0zNDM2M2JjN2M0YzAiOnsiY3JlYXRlIjoxODAwMDAwMDAwMDAwLCJkZWxldGUiOjE4MDAwMDAwMDAwMDAsInVwZGF0ZSI6MTgwMDAwMDAwMDAwMH0sInNjaGVtYV92ZXJzaW9uIjoiMiJ9",
          "dependencies": [
            "aws_route53_zone.main",
            "aws_ses_domain_dkim.main",
            "aws_ses_domain_identity.main"
          ]
        }
      ]
    },
    {
      "mode": "managed",
      "type": "aws_route53_record",
      "name": "ses_mail_from_mx",
      "provider": "provider[\"registry.terraform.io/hashicorp/aws\"]",
      "instances": [
        {
          "schema_version": 2,
          "attributes": {
            "alias": [],
            "allow_overwrite": null,
            "cidr_routing_policy": [],
            "failover_routing_policy": [],
            "fqdn": "mail.inboxleap.com",
            "geolocation_routing_policy": [],
            "geoproximity_routing_policy": [],
            "health_check_id": "",
            "id": "Z04751673GTNQMBCGPNDR_mail.inboxleap.com_MX",
            "latency_routing_policy": [],
            "multivalue_answer_routing_policy": false,
            "name": "mail.inboxleap.com",
            "records": [
              "10 feedback-smtp.us-east-1.amazonses.com"
            ],
            "set_identifier": "",
            "timeouts": null,
            "ttl": 600,
            "type": "MX",
            "weighted_routing_policy": [],
            "zone_id": "Z04751673GTNQMBCGPNDR"
          },
          "sensitive_attributes": [],
          "identity_schema_version": 0,
          "private": "eyJlMmJmYjczMC1lY2FhLTExZTYtOGY4OC0zNDM2M2JjN2M0YzAiOnsiY3JlYXRlIjoxODAwMDAwMDAwMDAwLCJkZWxldGUiOjE4MDAwMDAwMDAwMDAsInVwZGF0ZSI6MTgwMDAwMDAwMDAwMH0sInNjaGVtYV92ZXJzaW9uIjoiMiJ9",
          "dependencies": [
            "aws_route53_zone.main",
            "aws_ses_domain_identity.main",
            "aws_ses_domain_mail_from.main"
          ]
        }
      ]
    },
    {
      "mode": "managed",
      "type": "aws_route53_record",
      "name": "ses_mail_from_txt",
      "provider": "provider[\"registry.terraform.io/hashicorp/aws\"]",
      "instances": [
        {
          "schema_version": 2,
          "attributes": {
            "alias": [],
            "allow_overwrite": null,
            "cidr_routing_policy": [],
            "failover_routing_policy": [],
            "fqdn": "mail.inboxleap.com",
            "geolocation_routing_policy": [],
            "geoproximity_routing_policy": [],
            "health_check_id": "",
            "id": "Z04751673GTNQMBCGPNDR_mail.inboxleap.com_TXT",
            "latency_routing_policy": [],
            "multivalue_answer_routing_policy": false,
            "name": "mail.inboxleap.com",
            "records": [
              "v=spf1 include:amazonses.com ~all"
            ],
            "set_identifier": "",
            "timeouts": null,
            "ttl": 600,
            "type": "TXT",
            "weighted_routing_policy": [],
            "zone_id": "Z04751673GTNQMBCGPNDR"
          },
          "sensitive_attributes": [],
          "identity_schema_version": 0,
          "private": "eyJlMmJmYjczMC1lY2FhLTExZTYtOGY4OC0zNDM2M2JjN2M0YzAiOnsiY3JlYXRlIjoxODAwMDAwMDAwMDAwLCJkZWxldGUiOjE4MDAwMDAwMDAwMDAsInVwZGF0ZSI6MTgwMDAwMDAwMDAwMH0sInNjaGVtYV92ZXJzaW9uIjoiMiJ9",
          "dependencies": [
            "aws_route53_zone.main",
            "aws_ses_domain_identity.main",
            "aws_ses_domain_mail_from.main"
          ]
        }
      ]
    },
    {
      "mode": "managed",
      "type": "aws_route53_record",
      "name": "ses_verification",
      "provider": "provider[\"registry.terraform.io/hashicorp/aws\"]",
      "instances": [
        {
          "schema_version": 2,
          "attributes": {
            "alias": [],
            "allow_overwrite": null,
            "cidr_routing_policy": [],
            "failover_routing_policy": [],
            "fqdn": "_amazonses.inboxleap.com",
            "geolocation_routing_policy": [],
            "geoproximity_routing_policy": [],
            "health_check_id": "",
            "id": "Z04751673GTNQMBCGPNDR__amazonses.inboxleap.com_TXT",
            "latency_routing_policy": [],
            "multivalue_answer_routing_policy": false,
            "name": "_amazonses.inboxleap.com",
            "records": [
              "ha8IGNuH7oo3mE9gYdMh0wNMH72/wlX8IDadPaymX+Y="
            ],
            "set_identifier": "",
            "timeouts": null,
            "ttl": 600,
            "type": "TXT",
            "weighted_routing_policy": [],
            "zone_id": "Z04751673GTNQMBCGPNDR"
          },
          "sensitive_attributes": [],
          "identity_schema_version": 0,
          "private": "eyJlMmJmYjczMC1lY2FhLTExZTYtOGY4OC0zNDM2M2JjN2M0YzAiOnsiY3JlYXRlIjoxODAwMDAwMDAwMDAwLCJkZWxldGUiOjE4MDAwMDAwMDAwMDAsInVwZGF0ZSI6MTgwMDAwMDAwMDAwMH0sInNjaGVtYV92ZXJzaW9uIjoiMiJ9",
          "dependencies": [
            "aws_route53_zone.main",
            "aws_ses_domain_identity.main"
          ]
        }
      ]
    },
    {
      "mode": "managed",
      "type": "aws_route53_record",
      "name": "www",
      "provider": "provider[\"registry.terraform.io/hashicorp/aws\"]",
      "instances": [
        {
          "schema_version": 2,
          "attributes": {
            "alias": [
              {
                "evaluate_target_health": true,
                "name": "inboxleap-us-production-alb-1234515798.us-east-1.elb.amazonaws.com",
                "zone_id": "Z35SXDOTRQ7X7K"
              }
            ],
            "allow_overwrite": null,
            "cidr_routing_policy": [],
            "failover_routing_policy": [],
            "fqdn": "www.inboxleap.com",
            "geolocation_routing_policy": [],
            "geoproximity_routing_policy": [],
            "health_check_id": "",
            "id": "Z04751673GTNQMBCGPNDR_www.inboxleap.com_A",
            "latency_routing_policy": [],
            "multivalue_answer_routing_policy": false,
            "name": "www.inboxleap.com",
            "records": [],
            "set_identifier": "",
            "timeouts": null,
            "ttl": 0,
            "type": "A",
            "weighted_routing_policy": [],
            "zone_id": "Z04751673GTNQMBCGPNDR"
          },
          "sensitive_attributes": [],
          "identity_schema_version": 0,
          "private": "eyJlMmJmYjczMC1lY2FhLTExZTYtOGY4OC0zNDM2M2JjN2M0YzAiOnsiY3JlYXRlIjoxODAwMDAwMDAwMDAwLCJkZWxldGUiOjE4MDAwMDAwMDAwMDAsInVwZGF0ZSI6MTgwMDAwMDAwMDAwMH0sInNjaGVtYV92ZXJzaW9uIjoiMiJ9",
          "dependencies": [
            "aws_lb.main",
            "aws_route53_zone.main",
            "aws_security_group.alb",
            "aws_subnet.public",
            "aws_vpc.main",
            "data.aws_availability_zones.available"
          ]
        }
      ]
    },
    {
      "mode": "managed",
      "type": "aws_route53_zone",
      "name": "main",
      "provider": "provider[\"registry.terraform.io/hashicorp/aws\"]",
      "instances": [
        {
          "schema_version": 0,
          "attributes": {
            "arn": "arn:aws:route53:::hostedzone/Z04751673GTNQMBCGPNDR",
            "comment": "Managed by Terraform",
            "delegation_set_id": "",
            "force_destroy": false,
            "id": "Z04751673GTNQMBCGPNDR",
            "name": "inboxleap.com",
            "name_servers": [
              "ns-1219.awsdns-24.org",
              "ns-1618.awsdns-10.co.uk",
              "ns-471.awsdns-58.com",
              "ns-991.awsdns-59.net"
            ],
            "primary_name_server": "ns-991.awsdns-59.net",
            "tags": {
              "Application": "inboxleap-us",
              "Environment": "production",
              "ManagedBy": "terraform"
            },
            "tags_all": {
              "Application": "inboxleap-us",
              "Environment": "production",
              "ManagedBy": "terraform"
            },
            "timeouts": null,
            "vpc": [],
            "zone_id": "Z04751673GTNQMBCGPNDR"
          },
          "sensitive_attributes": [],
          "identity_schema_version": 0,
          "private": "eyJlMmJmYjczMC1lY2FhLTExZTYtOGY4OC0zNDM2M2JjN2M0YzAiOnsiY3JlYXRlIjoxODAwMDAwMDAwMDAwLCJkZWxldGUiOjE4MDAwMDAwMDAwMDAsInVwZGF0ZSI6MTgwMDAwMDAwMDAwMH19"
        }
      ]
    },
    {
      "mode": "managed",
      "type": "aws_route_table",
      "name": "private",
      "provider": "provider[\"registry.terraform.io/hashicorp/aws\"]",
      "instances": [
        {
          "schema_version": 0,
          "attributes": {
            "arn": "arn:aws:ec2:us-east-1:885071088198:route-table/rtb-0b3295175b584e0e7",
            "id": "rtb-0b3295175b584e0e7",
            "owner_id": "885071088198",
            "propagating_vgws": [],
            "route": [
              {
                "carrier_gateway_id": "",
                "cidr_block": "0.0.0.0/0",
                "core_network_arn": "",
                "destination_prefix_list_id": "",
                "egress_only_gateway_id": "",
                "gateway_id": "",
                "ipv6_cidr_block": "",
                "local_gateway_id": "",
                "nat_gateway_id": "nat-0dacf4d9cad06924c",
                "network_interface_id": "",
                "transit_gateway_id": "",
                "vpc_endpoint_id": "",
                "vpc_peering_connection_id": ""
              }
            ],
            "tags": {
              "Application": "inboxleap-us",
              "Environment": "production",
              "ManagedBy": "terraform",
              "Name": "inboxleap-us-production-private-rt"
            },
            "tags_all": {
              "Application": "inboxleap-us",
              "Environment": "production",
              "ManagedBy": "terraform",
              "Name": "inboxleap-us-production-private-rt"
            },
            "timeouts": null,
            "vpc_id": "vpc-00e2a7445fe2a5a4f"
          },
          "sensitive_attributes": [],
          "identity_schema_version": 0,
          "private": "eyJlMmJmYjczMC1lY2FhLTExZTYtOGY4OC0zNDM2M2JjN2M0YzAiOnsiY3JlYXRlIjozMDAwMDAwMDAwMDAsImRlbGV0ZSI6MzAwMDAwMDAwMDAwLCJ1cGRhdGUiOjEyMDAwMDAwMDAwMH19",
          "dependencies": [
            "aws_eip.nat",
            "aws_internet_gateway.main",
            "aws_nat_gateway.main",
            "aws_subnet.public",
            "aws_vpc.main",
            "data.aws_availability_zones.available"
          ]
        }
      ]
    },
    {
      "mode": "managed",
      "type": "aws_route_table",
      "name": "public",
      "provider": "provider[\"registry.terraform.io/hashicorp/aws\"]",
      "instances": [
        {
          "schema_version": 0,
          "attributes": {
            "arn": "arn:aws:ec2:us-east-1:885071088198:route-table/rtb-0b2d5ea4b3ae31c92",
            "id": "rtb-0b2d5ea4b3ae31c92",
            "owner_id": "885071088198",
            "propagating_vgws": [],
            "route": [
              {
                "carrier_gateway_id": "",
                "cidr_block": "0.0.0.0/0",
                "core_network_arn": "",
                "destination_prefix_list_id": "",
                "egress_only_gateway_id": "",
                "gateway_id": "igw-02e52c6b727bf1c65",
                "ipv6_cidr_block": "",
                "local_gateway_id": "",
                "nat_gateway_id": "",
                "network_interface_id": "",
                "transit_gateway_id": "",
                "vpc_endpoint_id": "",
                "vpc_peering_connection_id": ""
              }
            ],
            "tags": {
              "Application": "inboxleap-us",
              "Environment": "production",
              "ManagedBy": "terraform",
              "Name": "inboxleap-us-production-public-rt"
            },
            "tags_all": {
              "Application": "inboxleap-us",
              "Environment": "production",
              "ManagedBy": "terraform",
              "Name": "inboxleap-us-production-public-rt"
            },
            "timeouts": null,
            "vpc_id": "vpc-00e2a7445fe2a5a4f"
          },
          "sensitive_attributes": [],
          "identity_schema_version": 0,
          "private": "eyJlMmJmYjczMC1lY2FhLTExZTYtOGY4OC0zNDM2M2JjN2M0YzAiOnsiY3JlYXRlIjozMDAwMDAwMDAwMDAsImRlbGV0ZSI6MzAwMDAwMDAwMDAwLCJ1cGRhdGUiOjEyMDAwMDAwMDAwMH19",
          "dependencies": [
            "aws_internet_gateway.main",
            "aws_vpc.main"
          ]
        }
      ]
    },
    {
      "mode": "managed",
      "type": "aws_route_table_association",
      "name": "private",
      "provider": "provider[\"registry.terraform.io/hashicorp/aws\"]",
      "instances": [
        {
          "index_key": 0,
          "schema_version": 0,
          "attributes": {
            "gateway_id": "",
            "id": "rtbassoc-0c5e7f68267f1fbd2",
            "route_table_id": "rtb-0b3295175b584e0e7",
            "subnet_id": "subnet-0e3ca0d7edc509e72",
            "timeouts": null
          },
          "sensitive_attributes": [],
          "identity_schema_version": 0,
          "private": "eyJlMmJmYjczMC1lY2FhLTExZTYtOGY4OC0zNDM2M2JjN2M0YzAiOnsiY3JlYXRlIjozMDAwMDAwMDAwMDAsImRlbGV0ZSI6MzAwMDAwMDAwMDAwLCJ1cGRhdGUiOjEyMDAwMDAwMDAwMH19",
          "dependencies": [
            "aws_eip.nat",
            "aws_internet_gateway.main",
            "aws_nat_gateway.main",
            "aws_route_table.private",
            "aws_subnet.private",
            "aws_subnet.public",
            "aws_vpc.main",
            "data.aws_availability_zones.available"
          ]
        },
        {
          "index_key": 1,
          "schema_version": 0,
          "attributes": {
            "gateway_id": "",
            "id": "rtbassoc-0ce4884f920d8f7bc",
            "route_table_id": "rtb-0b3295175b584e0e7",
            "subnet_id": "subnet-010d1cf6c5b1f8975",
            "timeouts": null
          },
          "sensitive_attributes": [],
          "identity_schema_version": 0,
          "private": "eyJlMmJmYjczMC1lY2FhLTExZTYtOGY4OC0zNDM2M2JjN2M0YzAiOnsiY3JlYXRlIjozMDAwMDAwMDAwMDAsImRlbGV0ZSI6MzAwMDAwMDAwMDAwLCJ1cGRhdGUiOjEyMDAwMDAwMDAwMH19",
          "dependencies": [
            "aws_eip.nat",
            "aws_internet_gateway.main",
            "aws_nat_gateway.main",
            "aws_route_table.private",
            "aws_subnet.private",
            "aws_subnet.public",
            "aws_vpc.main",
            "data.aws_availability_zones.available"
          ]
        }
      ]
    },
    {
      "mode": "managed",
      "type": "aws_route_table_association",
      "name": "public",
      "provider": "provider[\"registry.terraform.io/hashicorp/aws\"]",
      "instances": [
        {
          "index_key": 0,
          "schema_version": 0,
          "attributes": {
            "gateway_id": "",
            "id": "rtbassoc-0dce28eb6ba71f15a",
            "route_table_id": "rtb-0b2d5ea4b3ae31c92",
            "subnet_id": "subnet-0673a7bf593d6d6ae",
            "timeouts": null
          },
          "sensitive_attributes": [],
          "identity_schema_version": 0,
          "private": "eyJlMmJmYjczMC1lY2FhLTExZTYtOGY4OC0zNDM2M2JjN2M0YzAiOnsiY3JlYXRlIjozMDAwMDAwMDAwMDAsImRlbGV0ZSI6MzAwMDAwMDAwMDAwLCJ1cGRhdGUiOjEyMDAwMDAwMDAwMH19",
          "dependencies": [
            "aws_internet_gateway.main",
            "aws_route_table.public",
            "aws_subnet.public",
            "aws_vpc.main",
            "data.aws_availability_zones.available"
          ]
        },
        {
          "index_key": 1,
          "schema_version": 0,
          "attributes": {
            "gateway_id": "",
            "id": "rtbassoc-0e4d2a138a73cef4e",
            "route_table_id": "rtb-0b2d5ea4b3ae31c92",
            "subnet_id": "subnet-067aaede27f0de347",
            "timeouts": null
          },
          "sensitive_attributes": [],
          "identity_schema_version": 0,
          "private": "eyJlMmJmYjczMC1lY2FhLTExZTYtOGY4OC0zNDM2M2JjN2M0YzAiOnsiY3JlYXRlIjozMDAwMDAwMDAwMDAsImRlbGV0ZSI6MzAwMDAwMDAwMDAwLCJ1cGRhdGUiOjEyMDAwMDAwMDAwMH19",
          "dependencies": [
            "aws_internet_gateway.main",
            "aws_route_table.public",
            "aws_subnet.public",
            "aws_vpc.main",
            "data.aws_availability_zones.available"
          ]
        }
      ]
    },
    {
      "mode": "managed",
      "type": "aws_s3_bucket",
      "name": "email_storage",
      "provider": "provider[\"registry.terraform.io/hashicorp/aws\"]",
      "instances": [
        {
          "schema_version": 0,
          "attributes": {
            "acceleration_status": "",
            "acl": null,
            "arn": "arn:aws:s3:::inboxleap-us-production-email-storage",
            "bucket": "inboxleap-us-production-email-storage",
            "bucket_domain_name": "inboxleap-us-production-email-storage.s3.amazonaws.com",
            "bucket_prefix": "",
            "bucket_regional_domain_name": "inboxleap-us-production-email-storage.s3.us-east-1.amazonaws.com",
            "cors_rule": [],
            "force_destroy": false,
            "grant": [
              {
                "id": "21ab475833150ec9ee27e4968bed6c39e26691c1ddb24d0eeb94b8ff0b2aa0f2",
                "permissions": [
                  "FULL_CONTROL"
                ],
                "type": "CanonicalUser",
                "uri": ""
              }
            ],
            "hosted_zone_id": "Z3AQBSTGFYJSTF",
            "id": "inboxleap-us-production-email-storage",
            "lifecycle_rule": [],
            "logging": [],
            "object_lock_configuration": [],
            "object_lock_enabled": false,
            "policy": "{\"Statement\":[{\"Action\":\"s3:PutObject\",\"Condition\":{\"StringEquals\":{\"aws:Referer\":\"885071088198\"}},\"Effect\":\"Allow\",\"Principal\":{\"Service\":\"ses.amazonaws.com\"},\"Resource\":\"arn:aws:s3:::inboxleap-us-production-email-storage/*\",\"Sid\":\"AllowSESPuts\"}],\"Version\":\"2012-10-17\"}",
            "region": "us-east-1",
            "replication_configuration": [],
            "request_payer": "BucketOwner",
            "server_side_encryption_configuration": [
              {
                "rule": [
                  {
                    "apply_server_side_encryption_by_default": [
                      {
                        "kms_master_key_id": "",
                        "sse_algorithm": "AES256"
                      }
                    ],
                    "bucket_key_enabled": false
                  }
                ]
              }
            ],
            "tags": {},
            "tags_all": {},
            "timeouts": null,
            "versioning": [
              {
                "enabled": true,
                "mfa_delete": false
              }
            ],
            "website": [],
            "website_domain": null,
            "website_endpoint": null
          },
          "sensitive_attributes": [],
          "identity_schema_version": 0,
          "private": "eyJlMmJmYjczMC1lY2FhLTExZTYtOGY4OC0zNDM2M2JjN2M0YzAiOnsiY3JlYXRlIjoxMjAwMDAwMDAwMDAwLCJkZWxldGUiOjM2MDAwMDAwMDAwMDAsInJlYWQiOjEyMDAwMDAwMDAwMDAsInVwZGF0ZSI6MTIwMDAwMDAwMDAwMH19"
        }
      ]
    },
    {
      "mode": "managed",
      "type": "aws_s3_bucket_policy",
      "name": "ses_s3_policy",
      "provider": "provider[\"registry.terraform.io/hashicorp/aws\"]",
      "instances": [
        {
          "schema_version": 0,
          "attributes": {
            "bucket": "inboxleap-us-production-email-storage",
            "id": "inboxleap-us-production-email-storage",
            "policy": "{\"Statement\":[{\"Action\":\"s3:PutObject\",\"Condition\":{\"StringEquals\":{\"aws:Referer\":\"885071088198\"}},\"Effect\":\"Allow\",\"Principal\":{\"Service\":\"ses.amazonaws.com\"},\"Resource\":\"arn:aws:s3:::inboxleap-us-production-email-storage/*\",\"Sid\":\"AllowSESPuts\"}],\"Version\":\"2012-10-17\"}"
          },
          "sensitive_attributes": [],
          "identity_schema_version": 0,
          "private": "bnVsbA==",
          "dependencies": [
            "aws_s3_bucket.email_storage",
            "data.aws_caller_identity.current"
          ]
        }
      ]
    },
    {
      "mode": "managed",
      "type": "aws_s3_bucket_public_access_block",
      "name": "email_storage",
      "provider": "provider[\"registry.terraform.io/hashicorp/aws\"]",
      "instances": [
        {
          "schema_version": 0,
          "attributes": {
            "block_public_acls": true,
            "block_public_policy": true,
            "bucket": "inboxleap-us-production-email-storage",
            "id": "inboxleap-us-production-email-storage",
            "ignore_public_acls": true,
            "restrict_public_buckets": true
          },
          "sensitive_attributes": [],
          "identity_schema_version": 0,
          "private": "bnVsbA==",
          "dependencies": [
            "aws_s3_bucket.email_storage"
          ]
        }
      ]
    },
    {
      "mode": "managed",
      "type": "aws_s3_bucket_server_side_encryption_configuration",
      "name": "email_storage",
      "provider": "provider[\"registry.terraform.io/hashicorp/aws\"]",
      "instances": [
        {
          "schema_version": 0,
          "attributes": {
            "bucket": "inboxleap-us-production-email-storage",
            "expected_bucket_owner": "",
            "id": "inboxleap-us-production-email-storage",
            "rule": [
              {
                "apply_server_side_encryption_by_default": [
                  {
                    "kms_master_key_id": "",
                    "sse_algorithm": "AES256"
                  }
                ],
                "bucket_key_enabled": false
              }
            ]
          },
          "sensitive_attributes": [],
          "identity_schema_version": 0,
          "private": "bnVsbA==",
          "dependencies": [
            "aws_s3_bucket.email_storage"
          ]
        }
      ]
    },
    {
      "mode": "managed",
      "type": "aws_s3_bucket_versioning",
      "name": "email_storage",
      "provider": "provider[\"registry.terraform.io/hashicorp/aws\"]",
      "instances": [
        {
          "schema_version": 0,
          "attributes": {
            "bucket": "inboxleap-us-production-email-storage",
            "expected_bucket_owner": "",
            "id": "inboxleap-us-production-email-storage",
            "mfa": null,
            "versioning_configuration": [
              {
                "mfa_delete": "",
                "status": "Enabled"
              }
            ]
          },
          "sensitive_attributes": [],
          "identity_schema_version": 0,
          "private": "bnVsbA==",
          "dependencies": [
            "aws_s3_bucket.email_storage"
          ]
        }
      ]
    },
    {
      "mode": "managed",
      "type": "aws_security_group",
      "name": "alb",
      "provider": "provider[\"registry.terraform.io/hashicorp/aws\"]",
      "instances": [
        {
          "schema_version": 1,
          "attributes": {
            "arn": "arn:aws:ec2:us-east-1:885071088198:security-group/sg-0683cf7059bdbc2f7",
            "description": "Managed by Terraform",
            "egress": [
              {
                "cidr_blocks": [
                  "0.0.0.0/0"
                ],
                "description": "All outbound traffic",
                "from_port": 0,
                "ipv6_cidr_blocks": [],
                "prefix_list_ids": [],
                "protocol": "-1",
                "security_groups": [],
                "self": false,
                "to_port": 0
              }
            ],
            "id": "sg-0683cf7059bdbc2f7",
            "ingress": [
              {
                "cidr_blocks": [
                  "0.0.0.0/0"
                ],
                "description": "HTTP",
                "from_port": 80,
                "ipv6_cidr_blocks": [],
                "prefix_list_ids": [],
                "protocol": "tcp",
                "security_groups": [],
                "self": false,
                "to_port": 80
              },
              {
                "cidr_blocks": [
                  "0.0.0.0/0"
                ],
                "description": "HTTPS",
                "from_port": 443,
                "ipv6_cidr_blocks": [],
                "prefix_list_ids": [],
                "protocol": "tcp",
                "security_groups": [],
                "self": false,
                "to_port": 443
              }
            ],
            "name": "inboxleap-us-production-alb-20250813030840218800000005",
            "name_prefix": "inboxleap-us-production-alb-",
            "owner_id": "885071088198",
            "revoke_rules_on_delete": false,
            "tags": {
              "Application": "inboxleap-us",
              "Environment": "production",
              "ManagedBy": "terraform",
              "Name": "inboxleap-us-production-alb-sg"
            },
            "tags_all": {
              "Application": "inboxleap-us",
              "Environment": "production",
              "ManagedBy": "terraform",
              "Name": "inboxleap-us-production-alb-sg"
            },
            "timeouts": null,
            "vpc_id": "vpc-00e2a7445fe2a5a4f"
          },
          "sensitive_attributes": [],
          "identity_schema_version": 0,
          "private": "eyJlMmJmYjczMC1lY2FhLTExZTYtOGY4OC0zNDM2M2JjN2M0YzAiOnsiY3JlYXRlIjo2MDAwMDAwMDAwMDAsImRlbGV0ZSI6OTAwMDAwMDAwMDAwfSwic2NoZW1hX3ZlcnNpb24iOiIxIn0=",
          "dependencies": [
            "aws_vpc.main"
          ]
        }
      ]
    },
    {
      "mode": "managed",
      "type": "aws_security_group",
      "name": "ecs",
      "provider": "provider[\"registry.terraform.io/hashicorp/aws\"]",
      "instances": [
        {
          "schema_version": 1,
          "attributes": {
            "arn": "arn:aws:ec2:us-east-1:885071088198:security-group/sg-0b8fdcdb382aa123e",
            "description": "Managed by Terraform",
            "egress": [
              {
                "cidr_blocks": [
                  "0.0.0.0/0"
                ],
                "description": "All outbound traffic",
                "from_port": 0,
                "ipv6_cidr_blocks": [],
                "prefix_list_ids": [],
                "protocol": "-1",
                "security_groups": [],
                "self": false,
                "to_port": 0
              }
            ],
            "id": "sg-0b8fdcdb382aa123e",
            "ingress": [
              {
                "cidr_blocks": [],
                "description": "Frontend from ALB",
                "from_port": 80,
                "ipv6_cidr_blocks": [],
                "prefix_list_ids": [],
                "protocol": "tcp",
                "security_groups": [
                  "sg-0683cf7059bdbc2f7"
                ],
                "self": false,
                "to_port": 80
              },
              {
                "cidr_blocks": [],
                "description": "HTTP from ALB",
                "from_port": 3000,
                "ipv6_cidr_blocks": [],
                "prefix_list_ids": [],
                "protocol": "tcp",
                "security_groups": [
                  "sg-0683cf7059bdbc2f7"
                ],
                "self": false,
                "to_port": 3000
              }
            ],
            "name": "inboxleap-us-production-ecs-20250813030846529500000007",
            "name_prefix": "inboxleap-us-production-ecs-",
            "owner_id": "885071088198",
            "revoke_rules_on_delete": false,
            "tags": {
              "Application": "inboxleap-us",
              "Environment": "production",
              "ManagedBy": "terraform",
              "Name": "inboxleap-us-production-ecs-sg"
            },
            "tags_all": {
              "Application": "inboxleap-us",
              "Environment": "production",
              "ManagedBy": "terraform",
              "Name": "inboxleap-us-production-ecs-sg"
            },
            "timeouts": null,
            "vpc_id": "vpc-00e2a7445fe2a5a4f"
          },
          "sensitive_attributes": [],
          "identity_schema_version": 0,
          "private": "eyJlMmJmYjczMC1lY2FhLTExZTYtOGY4OC0zNDM2M2JjN2M0YzAiOnsiY3JlYXRlIjo2MDAwMDAwMDAwMDAsImRlbGV0ZSI6OTAwMDAwMDAwMDAwfSwic2NoZW1hX3ZlcnNpb24iOiIxIn0=",
          "dependencies": [
            "aws_security_group.alb",
            "aws_vpc.main"
          ]
        }
      ]
    },
    {
      "mode": "managed",
      "type": "aws_ses_active_receipt_rule_set",
      "name": "main",
      "provider": "provider[\"registry.terraform.io/hashicorp/aws\"]",
      "instances": [
        {
          "schema_version": 0,
          "attributes": {
            "arn": "arn:aws:ses:us-east-1:885071088198:receipt-rule-set/inboxleap-us-production-rule-set",
            "id": "inboxleap-us-production-rule-set",
            "rule_set_name": "inboxleap-us-production-rule-set"
          },
          "sensitive_attributes": [],
          "identity_schema_version": 0,
          "private": "bnVsbA==",
          "dependencies": [
            "aws_ses_receipt_rule_set.main"
          ]
        }
      ]
    },
    {
      "mode": "managed",
      "type": "aws_ses_configuration_set",
      "name": "main",
      "provider": "provider[\"registry.terraform.io/hashicorp/aws\"]",
      "instances": [
        {
          "schema_version": 0,
          "attributes": {
            "arn": "arn:aws:ses:us-east-1:885071088198:configuration-set/inboxleap-us-production-config-set",
            "delivery_options": [
              {
                "tls_policy": "Require"
              }
            ],
            "id": "inboxleap-us-production-config-set",
            "last_fresh_start": "0001-01-01T00:00:00Z",
            "name": "inboxleap-us-production-config-set",
            "reputation_metrics_enabled": false,
            "sending_enabled": true,
            "tracking_options": []
          },
          "sensitive_attributes": [],
          "identity_schema_version": 0,
          "private": "bnVsbA=="
        }
      ]
    },
    {
      "mode": "managed",
      "type": "aws_ses_domain_dkim",
      "name": "main",
      "provider": "provider[\"registry.terraform.io/hashicorp/aws\"]",
      "instances": [
        {
          "schema_version": 0,
          "attributes": {
            "dkim_tokens": [
              "xh5wnajfszwoxld37mitvx4365wxmqut",
              "ep3w3gekshonaxyq3hxmm4hrxb7chcr2",
              "rfxn76mh25gx4cqyz2e3k3bfttn2lxov"
            ],
            "domain": "inboxleap.com",
            "id": "inboxleap.com"
          },
          "sensitive_attributes": [],
          "identity_schema_version": 0,
          "private": "bnVsbA==",
          "dependencies": [
            "aws_ses_domain_identity.main"
          ]
        }
      ]
    },
    {
      "mode": "managed",
      "type": "aws_ses_domain_identity",
      "name": "main",
      "provider": "provider[\"registry.terraform.io/hashicorp/aws\"]",
      "instances": [
        {
          "schema_version": 0,
          "attributes": {
            "arn": "arn:aws:ses:us-east-1:885071088198:identity/inboxleap.com",
            "domain": "inboxleap.com",
            "id": "inboxleap.com",
            "verification_token": "ha8IGNuH7oo3mE9gYdMh0wNMH72/wlX8IDadPaymX+Y="
          },
          "sensitive_attributes": [],
          "identity_schema_version": 0,
          "private": "bnVsbA=="
        }
      ]
    },
    {
      "mode": "managed",
      "type": "aws_ses_domain_identity_verification",
      "name": "main",
      "provider": "provider[\"registry.terraform.io/hashicorp/aws\"]",
      "instances": [
        {
          "schema_version": 0,
          "attributes": {
            "arn": "arn:aws:ses:us-east-1:885071088198:identity/inboxleap.com",
            "domain": "inboxleap.com",
            "id": "inboxleap.com",
            "timeouts": null
          },
          "sensitive_attributes": [],
          "identity_schema_version": 0,
          "private": "eyJlMmJmYjczMC1lY2FhLTExZTYtOGY4OC0zNDM2M2JjN2M0YzAiOnsiY3JlYXRlIjoyNzAwMDAwMDAwMDAwfX0=",
          "dependencies": [
            "aws_route53_record.ses_verification",
            "aws_route53_zone.main",
            "aws_ses_domain_identity.main"
          ]
        }
      ]
    },
    {
      "mode": "managed",
      "type": "aws_ses_domain_mail_from",
      "name": "main",
      "provider": "provider[\"registry.terraform.io/hashicorp/aws\"]",
      "instances": [
        {
          "schema_version": 0,
          "attributes": {
            "behavior_on_mx_failure": "UseDefaultValue",
            "domain": "inboxleap.com",
            "id": "inboxleap.com",
            "mail_from_domain": "mail.inboxleap.com"
          },
          "sensitive_attributes": [],
          "identity_schema_version": 0,
          "private": "bnVsbA==",
          "dependencies": [
            "aws_ses_domain_identity.main"
          ]
        }
      ]
    },
    {
      "mode": "managed",
      "type": "aws_ses_event_destination",
      "name": "cloudwatch",
      "provider": "provider[\"registry.terraform.io/hashicorp/aws\"]",
      "instances": [
        {
          "schema_version": 0,
          "attributes": {
            "arn": "arn:aws:ses:us-east-1:885071088198:configuration-set/inboxleap-us-production-config-set:event-destination/cloudwatch",
            "cloudwatch_destination": [
              {
                "default_value": "default",
                "dimension_name": "MessageTag",
                "value_source": "messageTag"
              }
            ],
            "configuration_set_name": "inboxleap-us-production-config-set",
            "enabled": true,
            "id": "cloudwatch",
            "kinesis_destination": [],
            "matching_types": [
              "bounce",
              "complaint",
              "delivery",
              "reject",
              "send"
            ],
            "name": "cloudwatch",
            "sns_destination": []
          },
          "sensitive_attributes": [],
          "identity_schema_version": 0,
          "private": "bnVsbA==",
          "dependencies": [
            "aws_ses_configuration_set.main"
          ]
        }
      ]
    },
    {
      "mode": "managed",
      "type": "aws_ses_receipt_rule_set",
      "name": "main",
      "provider": "provider[\"registry.terraform.io/hashicorp/aws\"]",
      "instances": [
        {
          "schema_version": 0,
          "attributes": {
            "arn": "arn:aws:ses:us-east-1:885071088198:receipt-rule-set/inboxleap-us-production-rule-set",
            "id": "inboxleap-us-production-rule-set",
            "rule_set_name": "inboxleap-us-production-rule-set"
          },
          "sensitive_attributes": [],
          "identity_schema_version": 0,
          "private": "bnVsbA=="
        }
      ]
    },
    {
      "mode": "managed",
      "type": "aws_subnet",
      "name": "private",
      "provider": "provider[\"registry.terraform.io/hashicorp/aws\"]",
      "instances": [
        {
          "index_key": 0,
          "schema_version": 1,
          "attributes": {
            "arn": "arn:aws:ec2:us-east-1:885071088198:subnet/subnet-0e3ca0d7edc509e72",
            "assign_ipv6_address_on_creation": false,
            "availability_zone": "us-east-1a",
            "availability_zone_id": "use1-az6",
            "cidr_block": "10.0.10.0/24",
            "customer_owned_ipv4_pool": "",
            "enable_dns64": false,
            "enable_lni_at_device_index": 0,
            "enable_resource_name_dns_a_record_on_launch": false,
            "enable_resource_name_dns_aaaa_record_on_launch": false,
            "id": "subnet-0e3ca0d7edc509e72",
            "ipv6_cidr_block": "",
            "ipv6_cidr_block_association_id": "",
            "ipv6_native": false,
            "map_customer_owned_ip_on_launch": false,
            "map_public_ip_on_launch": false,
            "outpost_arn": "",
            "owner_id": "885071088198",
            "private_dns_hostname_type_on_launch": "ip-name",
            "tags": {
              "Application": "inboxleap-us",
              "Environment": "production",
              "ManagedBy": "terraform",
              "Name": "inboxleap-us-production-private-subnet-1",
              "Type": "private"
            },
            "tags_all": {
              "Application": "inboxleap-us",
              "Environment": "production",
              "ManagedBy": "terraform",
              "Name": "inboxleap-us-production-private-subnet-1",
              "Type": "private"
            },
            "timeouts": null,
            "vpc_id": "vpc-00e2a7445fe2a5a4f"
          },
          "sensitive_attributes": [],
          "identity_schema_version": 0,
          "private": "eyJlMmJmYjczMC1lY2FhLTExZTYtOGY4OC0zNDM2M2JjN2M0YzAiOnsiY3JlYXRlIjo2MDAwMDAwMDAwMDAsImRlbGV0ZSI6MTIwMDAwMDAwMDAwMH0sInNjaGVtYV92ZXJzaW9uIjoiMSJ9",
          "dependencies": [
            "aws_vpc.main",
            "data.aws_availability_zones.available"
          ]
        },
        {
          "index_key": 1,
          "schema_version": 1,
          "attributes": {
            "arn": "arn:aws:ec2:us-east-1:885071088198:subnet/subnet-010d1cf6c5b1f8975",
            "assign_ipv6_address_on_creation": false,
            "availability_zone": "us-east-1b",
            "availability_zone_id": "use1-az1",
            "cidr_block": "10.0.11.0/24",
            "customer_owned_ipv4_pool": "",
            "enable_dns64": false,
            "enable_lni_at_device_index": 0,
            "enable_resource_name_dns_a_record_on_launch": false,
            "enable_resource_name_dns_aaaa_record_on_launch": false,
            "id": "subnet-010d1cf6c5b1f8975",
            "ipv6_cidr_block": "",
            "ipv6_cidr_block_association_id": "",
            "ipv6_native": false,
            "map_customer_owned_ip_on_launch": false,
            "map_public_ip_on_launch": false,
            "outpost_arn": "",
            "owner_id": "885071088198",
            "private_dns_hostname_type_on_launch": "ip-name",
            "tags": {
              "Application": "inboxleap-us",
              "Environment": "production",
              "ManagedBy": "terraform",
              "Name": "inboxleap-us-production-private-subnet-2",
              "Type": "private"
            },
            "tags_all": {
              "Application": "inboxleap-us",
              "Environment": "production",
              "ManagedBy": "terraform",
              "Name": "inboxleap-us-production-private-subnet-2",
              "Type": "private"
            },
            "timeouts": null,
            "vpc_id": "vpc-00e2a7445fe2a5a4f"
          },
          "sensitive_attributes": [],
          "identity_schema_version": 0,
          "private": "eyJlMmJmYjczMC1lY2FhLTExZTYtOGY4OC0zNDM2M2JjN2M0YzAiOnsiY3JlYXRlIjo2MDAwMDAwMDAwMDAsImRlbGV0ZSI6MTIwMDAwMDAwMDAwMH0sInNjaGVtYV92ZXJzaW9uIjoiMSJ9",
          "dependencies": [
            "aws_vpc.main",
            "data.aws_availability_zones.available"
          ]
        }
      ]
    },
    {
      "mode": "managed",
      "type": "aws_subnet",
      "name": "public",
      "provider": "provider[\"registry.terraform.io/hashicorp/aws\"]",
      "instances": [
        {
          "index_key": 0,
          "schema_version": 1,
          "attributes": {
            "arn": "arn:aws:ec2:us-east-1:885071088198:subnet/subnet-0673a7bf593d6d6ae",
            "assign_ipv6_address_on_creation": false,
            "availability_zone": "us-east-1a",
            "availability_zone_id": "use1-az6",
            "cidr_block": "10.0.1.0/24",
            "customer_owned_ipv4_pool": "",
            "enable_dns64": false,
            "enable_lni_at_device_index": 0,
            "enable_resource_name_dns_a_record_on_launch": false,
            "enable_resource_name_dns_aaaa_record_on_launch": false,
            "id": "subnet-0673a7bf593d6d6ae",
            "ipv6_cidr_block": "",
            "ipv6_cidr_block_association_id": "",
            "ipv6_native": false,
            "map_customer_owned_ip_on_launch": false,
            "map_public_ip_on_launch": true,
            "outpost_arn": "",
            "owner_id": "885071088198",
            "private_dns_hostname_type_on_launch": "ip-name",
            "tags": {
              "Application": "inboxleap-us",
              "Environment": "production",
              "ManagedBy": "terraform",
              "Name": "inboxleap-us-production-public-subnet-1",
              "Type": "public"
            },
            "tags_all": {
              "Application": "inboxleap-us",
              "Environment": "production",
              "ManagedBy": "terraform",
              "Name": "inboxleap-us-production-public-subnet-1",
              "Type": "public"
            },
            "timeouts": null,
            "vpc_id": "vpc-00e2a7445fe2a5a4f"
          },
          "sensitive_attributes": [],
          "identity_schema_version": 0,
          "private": "eyJlMmJmYjczMC1lY2FhLTExZTYtOGY4OC0zNDM2M2JjN2M0YzAiOnsiY3JlYXRlIjo2MDAwMDAwMDAwMDAsImRlbGV0ZSI6MTIwMDAwMDAwMDAwMH0sInNjaGVtYV92ZXJzaW9uIjoiMSJ9",
          "dependencies": [
            "aws_vpc.main",
            "data.aws_availability_zones.available"
          ]
        },
        {
          "index_key": 1,
          "schema_version": 1,
          "attributes": {
            "arn": "arn:aws:ec2:us-east-1:885071088198:subnet/subnet-067aaede27f0de347",
            "assign_ipv6_address_on_creation": false,
            "availability_zone": "us-east-1b",
            "availability_zone_id": "use1-az1",
            "cidr_block": "10.0.2.0/24",
            "customer_owned_ipv4_pool": "",
            "enable_dns64": false,
            "enable_lni_at_device_index": 0,
            "enable_resource_name_dns_a_record_on_launch": false,
            "enable_resource_name_dns_aaaa_record_on_launch": false,
            "id": "subnet-067aaede27f0de347",
            "ipv6_cidr_block": "",
            "ipv6_cidr_block_association_id": "",
            "ipv6_native": false,
            "map_customer_owned_ip_on_launch": false,
            "map_public_ip_on_launch": true,
            "outpost_arn": "",
            "owner_id": "885071088198",
            "private_dns_hostname_type_on_launch": "ip-name",
            "tags": {
              "Application": "inboxleap-us",
              "Environment": "production",
              "ManagedBy": "terraform",
              "Name": "inboxleap-us-production-public-subnet-2",
              "Type": "public"
            },
            "tags_all": {
              "Application": "inboxleap-us",
              "Environment": "production",
              "ManagedBy": "terraform",
              "Name": "inboxleap-us-production-public-subnet-2",
              "Type": "public"
            },
            "timeouts": null,
            "vpc_id": "vpc-00e2a7445fe2a5a4f"
          },
          "sensitive_attributes": [],
          "identity_schema_version": 0,
          "private": "eyJlMmJmYjczMC1lY2FhLTExZTYtOGY4OC0zNDM2M2JjN2M0YzAiOnsiY3JlYXRlIjo2MDAwMDAwMDAwMDAsImRlbGV0ZSI6MTIwMDAwMDAwMDAwMH0sInNjaGVtYV92ZXJzaW9uIjoiMSJ9",
          "dependencies": [
            "aws_vpc.main",
            "data.aws_availability_zones.available"
          ]
        }
      ]
    },
    {
      "mode": "managed",
      "type": "aws_vpc",
      "name": "main",
      "provider": "provider[\"registry.terraform.io/hashicorp/aws\"]",
      "instances": [
        {
          "schema_version": 1,
          "attributes": {
            "arn": "arn:aws:ec2:us-east-1:885071088198:vpc/vpc-00e2a7445fe2a5a4f",
            "assign_generated_ipv6_cidr_block": false,
            "cidr_block": "10.0.0.0/16",
            "default_network_acl_id": "acl-02f3cae049add552a",
            "default_route_table_id": "rtb-0ffc16b529d785cff",
            "default_security_group_id": "sg-070b4bd1a3e2f40f5",
            "dhcp_options_id": "dopt-0589161ac7927d1d5",
            "enable_dns_hostnames": true,
            "enable_dns_support": true,
            "enable_network_address_usage_metrics": false,
            "id": "vpc-00e2a7445fe2a5a4f",
            "instance_tenancy": "default",
            "ipv4_ipam_pool_id": null,
            "ipv4_netmask_length": null,
            "ipv6_association_id": "",
            "ipv6_cidr_block": "",
            "ipv6_cidr_block_network_border_group": "",
            "ipv6_ipam_pool_id": "",
            "ipv6_netmask_length": 0,
            "main_route_table_id": "rtb-0ffc16b529d785cff",
            "owner_id": "885071088198",
            "tags": {
              "Application": "inboxleap-us",
              "Environment": "production",
              "ManagedBy": "terraform",
              "Name": "inboxleap-us-production-vpc"
            },
            "tags_all": {
              "Application": "inboxleap-us",
              "Environment": "production",
              "ManagedBy": "terraform",
              "Name": "inboxleap-us-production-vpc"
            }
          },
          "sensitive_attributes": [],
          "identity_schema_version": 0,
          "private": "eyJzY2hlbWFfdmVyc2lvbiI6IjEifQ=="
        }
      ]
    }
  ],
  "check_results": null
}
